
Microsoft Visual Studio Solution File, Format Version 9.00
# Visual Studio 2005
Project("{FAE04EC0-301F-11D3-BF4B-00C04F79EFBC}") = "Simulation", "Simulation\Simulation.csproj", "{A27D08FE-F274-464E-B361-E1DDE7203264}"
EndProject
Global
	GlobalSection(SolutionConfigurationPlatforms) = preSolution
		Debug|x86_64 = Debug|x86_64
		Debug|x86 = Debug|x86
		Release|x86_64 = Release|x86_64
		Release|x86 = Release|x86
	EndGlobalSection
	GlobalSection(ProjectConfigurationPlatforms) = postSolution
		{A27D08FE-F274-464E-B361-E1DDE7203264}.Debug|x86_64.ActiveCfg = Debug|x86_64
		{A27D08FE-F274-464E-B361-E1DDE7203264}.Debug|x86_64.Build.0 = Debug|x86_64
		{A27D08FE-F274-464E-B361-E1DDE7203264}.Debug|x86.ActiveCfg = Debug|x86
		{A27D08FE-F274-464E-B361-E1DDE7203264}.Debug|x86.Build.0 = Debug|x86
		{A27D08FE-F274-464E-B361-E1DDE7203264}.Release|x86_64.ActiveCfg = Release|x86_64
		{A27D08FE-F274-464E-B361-E1DDE7203264}.Release|x86_64.Build.0 = Release|x86_64
		{A27D08FE-F274-464E-B361-E1DDE7203264}.Release|x86.ActiveCfg = Release|x86
		{A27D08FE-F274-464E-B361-E1DDE7203264}.Release|x86.Build.0 = Release|x86
	EndGlobalSection
	GlobalSection(SolutionProperties) = preSolution
		HideSolutionNode = FALSE
	EndGlobalSection
EndGlobal
