Microsoft Visual Studio Solution File, Format Version 9.00
# Visual Studio 2005
Project("{FAE04EC0-301F-11D3-BF4B-00C04F79EFBC}") = "AboutWindow", "AboutWindow\AboutWindow\AboutWindow.csproj", "{FA048ADB-AA9C-40D1-BD82-EB696C65658F}"
	ProjectSection(WebsiteProperties) = preProject
		Debug.AspNetCompiler.Debug = "True"
		Release.AspNetCompiler.Debug = "False"
	EndProjectSection
EndProject
Project("{FAE04EC0-301F-11D3-BF4B-00C04F79EFBC}") = "AlignLayout", "AlignLayout\AlignLayout\AlignLayout.csproj", "{517EBCF9-A5DA-4BF0-B4BF-1C4A7BB899CE}"
	ProjectSection(WebsiteProperties) = preProject
		Debug.AspNetCompiler.Debug = "True"
		Release.AspNetCompiler.Debug = "False"
	EndProjectSection
EndProject
Project("{FAE04EC0-301F-11D3-BF4B-00C04F79EFBC}") = "Analysis", "Analysis\Analysis\Analysis.csproj", "{DA6AB870-F791-478E-AE09-7A670F4AFBDE}"
	ProjectSection(WebsiteProperties) = preProject
		Debug.AspNetCompiler.Debug = "True"
		Release.AspNetCompiler.Debug = "False"
	EndProjectSection
	ProjectSection(ProjectDependencies) = postProject
		{EB193AD3-99DC-477F-BDF9-C071812B93D0} = {EB193AD3-99DC-477F-BDF9-C071812B93D0}
		{1311EAE3-BBF8-4B24-83B9-6D6C12DBA295} = {1311EAE3-BBF8-4B24-83B9-6D6C12DBA295}
	EndProjectSection
EndProject
Project("{FAE04EC0-301F-11D3-BF4B-00C04F79EFBC}") = "CircularLayout", "CircularLayout\CircularLayout\CircularLayout.csproj", "{BF10EC05-D4CC-47C7-A4C1-94465ACDDAE2}"
	ProjectSection(WebsiteProperties) = preProject
		Debug.AspNetCompiler.Debug = "True"
		Release.AspNetCompiler.Debug = "False"
	EndProjectSection
EndProject
Project("{FAE04EC0-301F-11D3-BF4B-00C04F79EFBC}") = "DistributeLayout", "DistributeLayout\DistributeLayout\DistributeLayout.csproj", "{E1014A1A-00B5-4C97-832E-86EE773F0403}"
	ProjectSection(WebsiteProperties) = preProject
		Debug.AspNetCompiler.Debug = "True"
		Release.AspNetCompiler.Debug = "False"
	EndProjectSection
EndProject
Project("{FAE04EC0-301F-11D3-BF4B-00C04F79EFBC}") = "EcellLib", "EcellLib\EcellLib\EcellLib.csproj", "{1311EAE3-BBF8-4B24-83B9-6D6C12DBA295}"
	ProjectSection(WebsiteProperties) = preProject
		Debug.AspNetCompiler.Debug = "True"
		Release.AspNetCompiler.Debug = "False"
	EndProjectSection
	ProjectSection(ProjectDependencies) = postProject
		{EB193AD3-99DC-477F-BDF9-C071812B93D0} = {EB193AD3-99DC-477F-BDF9-C071812B93D0}
	EndProjectSection
EndProject
Project("{FAE04EC0-301F-11D3-BF4B-00C04F79EFBC}") = "EntityListWindow", "EntityListWindow\EntityListWindow\EntityListWindow.csproj", "{9F1830B0-28F0-40C6-9B26-0307FA52268C}"
	ProjectSection(WebsiteProperties) = preProject
		Debug.AspNetCompiler.Debug = "True"
		Release.AspNetCompiler.Debug = "False"
	EndProjectSection
	ProjectSection(ProjectDependencies) = postProject
		{EB193AD3-99DC-477F-BDF9-C071812B93D0} = {EB193AD3-99DC-477F-BDF9-C071812B93D0}
		{1311EAE3-BBF8-4B24-83B9-6D6C12DBA295} = {1311EAE3-BBF8-4B24-83B9-6D6C12DBA295}
	EndProjectSection
EndProject
Project("{FAE04EC0-301F-11D3-BF4B-00C04F79EFBC}") = "Formulator", "Formulator\Formulator\Formulator.csproj", "{EB193AD3-99DC-477F-BDF9-C071812B93D0}"
	ProjectSection(WebsiteProperties) = preProject
		Debug.AspNetCompiler.Debug = "True"
		Release.AspNetCompiler.Debug = "False"
	EndProjectSection
EndProject
Project("{FAE04EC0-301F-11D3-BF4B-00C04F79EFBC}") = "GridLayout", "GridLayout\GridLayout\GridLayout.csproj", "{4FFE2BEB-049B-46E4-88C9-50F6BCA79CC0}"
	ProjectSection(WebsiteProperties) = preProject
		Debug.AspNetCompiler.Debug = "True"
		Release.AspNetCompiler.Debug = "False"
	EndProjectSection
EndProject
Project("{2150E333-8FDC-42A3-9474-1A3956D46DE8}") = "Layout Engines", "Layout Engines", "{F3C01B10-44B8-492C-94C2-8BDFC67DBCC9}"
	ProjectSection(WebsiteProperties) = preProject
		Debug.AspNetCompiler.Debug = "True"
		Release.AspNetCompiler.Debug = "False"
	EndProjectSection
EndProject
Project("{2150E333-8FDC-42A3-9474-1A3956D46DE8}") = "Plugins", "Plugins", "{3B79DB33-4745-48A4-9D21-45926FA20D15}"
	ProjectSection(WebsiteProperties) = preProject
		Debug.AspNetCompiler.Debug = "True"
		Release.AspNetCompiler.Debug = "False"
	EndProjectSection
EndProject
Project("{FAE04EC0-301F-11D3-BF4B-00C04F79EFBC}") = "MainWindow", "MainWindow\MainWindow\MainWindow.csproj", "{3F802287-78C1-4EE6-9B06-8C1A9CB62226}"
	ProjectSection(WebsiteProperties) = preProject
		Debug.AspNetCompiler.Debug = "True"
		Release.AspNetCompiler.Debug = "False"
	EndProjectSection
EndProject
Project("{FAE04EC0-301F-11D3-BF4B-00C04F79EFBC}") = "MessageWindow", "MessageWindow\MessageWindow\MessageWindow.csproj", "{50EBFCBE-63FE-40AC-BEBF-85ADAB80FDED}"
	ProjectSection(WebsiteProperties) = preProject
		Debug.AspNetCompiler.Debug = "True"
		Release.AspNetCompiler.Debug = "False"
	EndProjectSection
EndProject
Project("{FAE04EC0-301F-11D3-BF4B-00C04F79EFBC}") = "ObjectList", "ObjectList\ObjectList\ObjectList.csproj", "{659B501F-086F-4414-83D3-E018F05C380B}"
	ProjectSection(WebsiteProperties) = preProject
		Debug.AspNetCompiler.Debug = "True"
		Release.AspNetCompiler.Debug = "False"
	EndProjectSection
	ProjectSection(ProjectDependencies) = postProject
		{1311EAE3-BBF8-4B24-83B9-6D6C12DBA295} = {1311EAE3-BBF8-4B24-83B9-6D6C12DBA295}
	EndProjectSection
EndProject
Project("{FAE04EC0-301F-11D3-BF4B-00C04F79EFBC}") = "PathwayWindow", "PathwayWindow\PathwayWindow\PathwayWindow.csproj", "{5DAE389C-7C1E-4F6E-8F63-FB0980CFACB7}"
	ProjectSection(WebsiteProperties) = preProject
		Debug.AspNetCompiler.Debug = "True"
		Release.AspNetCompiler.Debug = "False"
	EndProjectSection
	ProjectSection(ProjectDependencies) = postProject
		{1311EAE3-BBF8-4B24-83B9-6D6C12DBA295} = {1311EAE3-BBF8-4B24-83B9-6D6C12DBA295}
	EndProjectSection
EndProject
Project("{FAE04EC0-301F-11D3-BF4B-00C04F79EFBC}") = "PropertyWindow", "PropertyWindow\PropertyWindow\PropertyWindow.csproj", "{25FDB8FE-243A-4666-8B81-C52E0949D566}"
	ProjectSection(WebsiteProperties) = preProject
		Debug.AspNetCompiler.Debug = "True"
		Release.AspNetCompiler.Debug = "False"
	EndProjectSection
	ProjectSection(ProjectDependencies) = postProject
		{EB193AD3-99DC-477F-BDF9-C071812B93D0} = {EB193AD3-99DC-477F-BDF9-C071812B93D0}
		{1311EAE3-BBF8-4B24-83B9-6D6C12DBA295} = {1311EAE3-BBF8-4B24-83B9-6D6C12DBA295}
	EndProjectSection
EndProject
Project("{FAE04EC0-301F-11D3-BF4B-00C04F79EFBC}") = "SearchWindow", "SearchWindow\SearchWindow\SearchWindow.csproj", "{64F11BE9-D14C-4B80-B71B-0CF84B4B3897}"
	ProjectSection(WebsiteProperties) = preProject
		Debug.AspNetCompiler.Debug = "True"
		Release.AspNetCompiler.Debug = "False"
	EndProjectSection
	ProjectSection(ProjectDependencies) = postProject
		{1311EAE3-BBF8-4B24-83B9-6D6C12DBA295} = {1311EAE3-BBF8-4B24-83B9-6D6C12DBA295}
	EndProjectSection
EndProject
Project("{FAE04EC0-301F-11D3-BF4B-00C04F79EFBC}") = "Simulation", "Simulation\Simulation\Simulation.csproj", "{A27D08FE-F274-464E-B361-E1DDE7203264}"
	ProjectSection(WebsiteProperties) = preProject
		Debug.AspNetCompiler.Debug = "True"
		Release.AspNetCompiler.Debug = "False"
	EndProjectSection
EndProject
Project("{FAE04EC0-301F-11D3-BF4B-00C04F79EFBC}") = "StaticDebugWindow", "StaticDebugWindow\StaticDebugWindow\StaticDebugWindow.csproj", "{E484AC73-2464-472C-B779-D6878E8B3FA3}"
	ProjectSection(WebsiteProperties) = preProject
		Debug.AspNetCompiler.Debug = "True"
		Release.AspNetCompiler.Debug = "False"
	EndProjectSection
	ProjectSection(ProjectDependencies) = postProject
		{1311EAE3-BBF8-4B24-83B9-6D6C12DBA295} = {1311EAE3-BBF8-4B24-83B9-6D6C12DBA295}
	EndProjectSection
EndProject
Project("{2150E333-8FDC-42A3-9474-1A3956D46DE8}") = "Core", "Core", "{779F77E3-3ED3-4D22-B54A-0F07F9415AF9}"
	ProjectSection(WebsiteProperties) = preProject
		Debug.AspNetCompiler.Debug = "True"
		Release.AspNetCompiler.Debug = "False"
	EndProjectSection
EndProject
Project("{2150E333-8FDC-42A3-9474-1A3956D46DE8}") = "Components", "Components", "{2FC504C3-330C-4837-B79F-872EE644B6D0}"
	ProjectSection(WebsiteProperties) = preProject
		Debug.AspNetCompiler.Debug = "True"
		Release.AspNetCompiler.Debug = "False"
	EndProjectSection
EndProject
Project("{FAE04EC0-301F-11D3-BF4B-00C04F79EFBC}") = "ToolLauncher", "ToolLauncher\ToolLauncher\ToolLauncher.csproj", "{5A0DDD5F-9122-4FD1-83D1-5F9D96178D75}"
	ProjectSection(WebsiteProperties) = preProject
		Debug.AspNetCompiler.Debug = "True"
		Release.AspNetCompiler.Debug = "False"
	EndProjectSection
EndProject
Project("{FAE04EC0-301F-11D3-BF4B-00C04F79EFBC}") = "TracerWindow", "TracerWindow\TracerWindow\TracerWindow.csproj", "{878AA0FC-E743-4592-84C5-C1B8B82310C2}"
	ProjectSection(WebsiteProperties) = preProject
		Debug.AspNetCompiler.Debug = "True"
		Release.AspNetCompiler.Debug = "False"
	EndProjectSection
	ProjectSection(ProjectDependencies) = postProject
		{1311EAE3-BBF8-4B24-83B9-6D6C12DBA295} = {1311EAE3-BBF8-4B24-83B9-6D6C12DBA295}
	EndProjectSection
EndProject
Project("{FAE04EC0-301F-11D3-BF4B-00C04F79EFBC}") = "ObjectList2", "ObjectList2\ObjectList2\ObjectList2.csproj", "{2FB3385F-89E2-40FE-8157-5A2993C6D258}"
	ProjectSection(WebsiteProperties) = preProject
		Debug.AspNetCompiler.Debug = "True"
		Release.AspNetCompiler.Debug = "False"
	EndProjectSection
EndProject
Project("{FAE04EC0-301F-11D3-BF4B-00C04F79EFBC}") = "EcellLibTest", "EcellLibTest\EcellLibTest.csproj", "{009F33C7-F664-495B-80EB-FCEA9664A3B1}"
	ProjectSection(WebsiteProperties) = preProject
		Debug.AspNetCompiler.Debug = "True"
		Release.AspNetCompiler.Debug = "False"
	EndProjectSection
	ProjectSection(ProjectDependencies) = postProject
		{1311EAE3-BBF8-4B24-83B9-6D6C12DBA295} = {1311EAE3-BBF8-4B24-83B9-6D6C12DBA295}
	EndProjectSection
EndProject
Project("{FAE04EC0-301F-11D3-BF4B-00C04F79EFBC}") = "MainWindowTest", "MainWindowTest\MainWindowTest.csproj", "{DEAA2942-1A37-4E2F-97BA-87BD43EC5FAA}"
	ProjectSection(WebsiteProperties) = preProject
		Debug.AspNetCompiler.Debug = "True"
		Release.AspNetCompiler.Debug = "False"
	EndProjectSection
EndProject
Project("{FAE04EC0-301F-11D3-BF4B-00C04F79EFBC}") = "PathwayWindowTest", "PathwayWindowTest\PathwayWindowTest.csproj", "{56C692EA-689C-46EC-8A78-B3F63CE46445}"
	ProjectSection(WebsiteProperties) = preProject
		Debug.AspNetCompiler.Debug = "True"
		Release.AspNetCompiler.Debug = "False"
	EndProjectSection
EndProject
Project("{FAE04EC0-301F-11D3-BF4B-00C04F79EFBC}") = "MessageListWindow", "MessageListWindow\MessageListWindow\MessageListWindow.csproj", "{41E0A195-CF50-43F6-80EB-654EA92BC333}"
	ProjectSection(WebsiteProperties) = preProject
		Debug.AspNetCompiler.Debug = "True"
		Release.AspNetCompiler.Debug = "False"
	EndProjectSection
EndProject
Global
	GlobalSection(SolutionConfigurationPlatforms) = preSolution
		Debug|Any CPU = Debug|Any CPU
		Debug|Mixed Platforms = Debug|Mixed Platforms
		Debug|Win32 = Debug|Win32
		Debug|x64 = Debug|x64
		Release|Any CPU = Release|Any CPU
		Release|Mixed Platforms = Release|Mixed Platforms
		Release|Win32 = Release|Win32
		Release|x64 = Release|x64
	EndGlobalSection
	GlobalSection(ProjectConfigurationPlatforms) = postSolution
		{FA048ADB-AA9C-40D1-BD82-EB696C65658F}.Debug|Any CPU.ActiveCfg = Debug|x64
		{FA048ADB-AA9C-40D1-BD82-EB696C65658F}.Debug|Mixed Platforms.ActiveCfg = Debug|x64
		{FA048ADB-AA9C-40D1-BD82-EB696C65658F}.Debug|Mixed Platforms.Build.0 = Debug|x64
		{FA048ADB-AA9C-40D1-BD82-EB696C65658F}.Debug|Win32.ActiveCfg = Debug|Win32
		{FA048ADB-AA9C-40D1-BD82-EB696C65658F}.Debug|Win32.Build.0 = Debug|Win32
		{FA048ADB-AA9C-40D1-BD82-EB696C65658F}.Debug|x64.ActiveCfg = Debug|x64
		{FA048ADB-AA9C-40D1-BD82-EB696C65658F}.Debug|x64.Build.0 = Debug|x64
		{FA048ADB-AA9C-40D1-BD82-EB696C65658F}.Release|Any CPU.ActiveCfg = Release|x64
		{FA048ADB-AA9C-40D1-BD82-EB696C65658F}.Release|Mixed Platforms.ActiveCfg = Release|x64
		{FA048ADB-AA9C-40D1-BD82-EB696C65658F}.Release|Mixed Platforms.Build.0 = Release|x64
		{FA048ADB-AA9C-40D1-BD82-EB696C65658F}.Release|Win32.ActiveCfg = Release|Win32
		{FA048ADB-AA9C-40D1-BD82-EB696C65658F}.Release|Win32.Build.0 = Release|Win32
		{FA048ADB-AA9C-40D1-BD82-EB696C65658F}.Release|x64.ActiveCfg = Release|x64
		{FA048ADB-AA9C-40D1-BD82-EB696C65658F}.Release|x64.Build.0 = Release|x64
		{517EBCF9-A5DA-4BF0-B4BF-1C4A7BB899CE}.Debug|Any CPU.ActiveCfg = Debug|x64
		{517EBCF9-A5DA-4BF0-B4BF-1C4A7BB899CE}.Debug|Mixed Platforms.ActiveCfg = Debug|x64
		{517EBCF9-A5DA-4BF0-B4BF-1C4A7BB899CE}.Debug|Mixed Platforms.Build.0 = Debug|x64
		{517EBCF9-A5DA-4BF0-B4BF-1C4A7BB899CE}.Debug|Win32.ActiveCfg = Debug|Win32
		{517EBCF9-A5DA-4BF0-B4BF-1C4A7BB899CE}.Debug|Win32.Build.0 = Debug|Win32
		{517EBCF9-A5DA-4BF0-B4BF-1C4A7BB899CE}.Debug|x64.ActiveCfg = Debug|x64
		{517EBCF9-A5DA-4BF0-B4BF-1C4A7BB899CE}.Debug|x64.Build.0 = Debug|x64
		{517EBCF9-A5DA-4BF0-B4BF-1C4A7BB899CE}.Release|Any CPU.ActiveCfg = Release|x64
		{517EBCF9-A5DA-4BF0-B4BF-1C4A7BB899CE}.Release|Mixed Platforms.ActiveCfg = Release|x64
		{517EBCF9-A5DA-4BF0-B4BF-1C4A7BB899CE}.Release|Mixed Platforms.Build.0 = Release|x64
		{517EBCF9-A5DA-4BF0-B4BF-1C4A7BB899CE}.Release|Win32.ActiveCfg = Release|Win32
		{517EBCF9-A5DA-4BF0-B4BF-1C4A7BB899CE}.Release|Win32.Build.0 = Release|Win32
		{517EBCF9-A5DA-4BF0-B4BF-1C4A7BB899CE}.Release|x64.ActiveCfg = Release|x64
		{517EBCF9-A5DA-4BF0-B4BF-1C4A7BB899CE}.Release|x64.Build.0 = Release|x64
		{DA6AB870-F791-478E-AE09-7A670F4AFBDE}.Debug|Any CPU.ActiveCfg = Debug|x64
		{DA6AB870-F791-478E-AE09-7A670F4AFBDE}.Debug|Mixed Platforms.ActiveCfg = Debug|x64
		{DA6AB870-F791-478E-AE09-7A670F4AFBDE}.Debug|Mixed Platforms.Build.0 = Debug|x64
		{DA6AB870-F791-478E-AE09-7A670F4AFBDE}.Debug|Win32.ActiveCfg = Debug|Win32
		{DA6AB870-F791-478E-AE09-7A670F4AFBDE}.Debug|Win32.Build.0 = Debug|Win32
		{DA6AB870-F791-478E-AE09-7A670F4AFBDE}.Debug|x64.ActiveCfg = Debug|x64
		{DA6AB870-F791-478E-AE09-7A670F4AFBDE}.Debug|x64.Build.0 = Debug|x64
		{DA6AB870-F791-478E-AE09-7A670F4AFBDE}.Release|Any CPU.ActiveCfg = Release|x64
		{DA6AB870-F791-478E-AE09-7A670F4AFBDE}.Release|Mixed Platforms.ActiveCfg = Release|x64
		{DA6AB870-F791-478E-AE09-7A670F4AFBDE}.Release|Mixed Platforms.Build.0 = Release|x64
		{DA6AB870-F791-478E-AE09-7A670F4AFBDE}.Release|Win32.ActiveCfg = Release|Win32
		{DA6AB870-F791-478E-AE09-7A670F4AFBDE}.Release|Win32.Build.0 = Release|Win32
		{DA6AB870-F791-478E-AE09-7A670F4AFBDE}.Release|x64.ActiveCfg = Release|x64
		{DA6AB870-F791-478E-AE09-7A670F4AFBDE}.Release|x64.Build.0 = Release|x64
		{BF10EC05-D4CC-47C7-A4C1-94465ACDDAE2}.Debug|Any CPU.ActiveCfg = Debug|x64
		{BF10EC05-D4CC-47C7-A4C1-94465ACDDAE2}.Debug|Mixed Platforms.ActiveCfg = Debug|x64
		{BF10EC05-D4CC-47C7-A4C1-94465ACDDAE2}.Debug|Mixed Platforms.Build.0 = Debug|x64
		{BF10EC05-D4CC-47C7-A4C1-94465ACDDAE2}.Debug|Win32.ActiveCfg = Debug|Win32
		{BF10EC05-D4CC-47C7-A4C1-94465ACDDAE2}.Debug|Win32.Build.0 = Debug|Win32
		{BF10EC05-D4CC-47C7-A4C1-94465ACDDAE2}.Debug|x64.ActiveCfg = Debug|x64
		{BF10EC05-D4CC-47C7-A4C1-94465ACDDAE2}.Debug|x64.Build.0 = Debug|x64
		{BF10EC05-D4CC-47C7-A4C1-94465ACDDAE2}.Release|Any CPU.ActiveCfg = Release|x64
		{BF10EC05-D4CC-47C7-A4C1-94465ACDDAE2}.Release|Mixed Platforms.ActiveCfg = Release|x64
		{BF10EC05-D4CC-47C7-A4C1-94465ACDDAE2}.Release|Mixed Platforms.Build.0 = Release|x64
		{BF10EC05-D4CC-47C7-A4C1-94465ACDDAE2}.Release|Win32.ActiveCfg = Release|Win32
		{BF10EC05-D4CC-47C7-A4C1-94465ACDDAE2}.Release|Win32.Build.0 = Release|Win32
		{BF10EC05-D4CC-47C7-A4C1-94465ACDDAE2}.Release|x64.ActiveCfg = Release|x64
		{BF10EC05-D4CC-47C7-A4C1-94465ACDDAE2}.Release|x64.Build.0 = Release|x64
		{E1014A1A-00B5-4C97-832E-86EE773F0403}.Debug|Any CPU.ActiveCfg = Debug|x64
		{E1014A1A-00B5-4C97-832E-86EE773F0403}.Debug|Mixed Platforms.ActiveCfg = Debug|x64
		{E1014A1A-00B5-4C97-832E-86EE773F0403}.Debug|Mixed Platforms.Build.0 = Debug|x64
		{E1014A1A-00B5-4C97-832E-86EE773F0403}.Debug|Win32.ActiveCfg = Debug|Win32
		{E1014A1A-00B5-4C97-832E-86EE773F0403}.Debug|Win32.Build.0 = Debug|Win32
		{E1014A1A-00B5-4C97-832E-86EE773F0403}.Debug|x64.ActiveCfg = Debug|x64
		{E1014A1A-00B5-4C97-832E-86EE773F0403}.Debug|x64.Build.0 = Debug|x64
		{E1014A1A-00B5-4C97-832E-86EE773F0403}.Release|Any CPU.ActiveCfg = Release|x64
		{E1014A1A-00B5-4C97-832E-86EE773F0403}.Release|Mixed Platforms.ActiveCfg = Release|x64
		{E1014A1A-00B5-4C97-832E-86EE773F0403}.Release|Mixed Platforms.Build.0 = Release|x64
		{E1014A1A-00B5-4C97-832E-86EE773F0403}.Release|Win32.ActiveCfg = Release|Win32
		{E1014A1A-00B5-4C97-832E-86EE773F0403}.Release|Win32.Build.0 = Release|Win32
		{E1014A1A-00B5-4C97-832E-86EE773F0403}.Release|x64.ActiveCfg = Release|x64
		{E1014A1A-00B5-4C97-832E-86EE773F0403}.Release|x64.Build.0 = Release|x64
		{1311EAE3-BBF8-4B24-83B9-6D6C12DBA295}.Debug|Any CPU.ActiveCfg = Debug|x64
		{1311EAE3-BBF8-4B24-83B9-6D6C12DBA295}.Debug|Mixed Platforms.ActiveCfg = Debug|x64
		{1311EAE3-BBF8-4B24-83B9-6D6C12DBA295}.Debug|Mixed Platforms.Build.0 = Debug|x64
		{1311EAE3-BBF8-4B24-83B9-6D6C12DBA295}.Debug|Win32.ActiveCfg = Debug|Win32
		{1311EAE3-BBF8-4B24-83B9-6D6C12DBA295}.Debug|Win32.Build.0 = Debug|Win32
		{1311EAE3-BBF8-4B24-83B9-6D6C12DBA295}.Debug|x64.ActiveCfg = Debug|x64
		{1311EAE3-BBF8-4B24-83B9-6D6C12DBA295}.Debug|x64.Build.0 = Debug|x64
		{1311EAE3-BBF8-4B24-83B9-6D6C12DBA295}.Release|Any CPU.ActiveCfg = Release|x64
		{1311EAE3-BBF8-4B24-83B9-6D6C12DBA295}.Release|Mixed Platforms.ActiveCfg = Release|x64
		{1311EAE3-BBF8-4B24-83B9-6D6C12DBA295}.Release|Mixed Platforms.Build.0 = Release|x64
		{1311EAE3-BBF8-4B24-83B9-6D6C12DBA295}.Release|Win32.ActiveCfg = Release|Win32
		{1311EAE3-BBF8-4B24-83B9-6D6C12DBA295}.Release|Win32.Build.0 = Release|Win32
		{1311EAE3-BBF8-4B24-83B9-6D6C12DBA295}.Release|x64.ActiveCfg = Release|x64
		{1311EAE3-BBF8-4B24-83B9-6D6C12DBA295}.Release|x64.Build.0 = Release|x64
		{9F1830B0-28F0-40C6-9B26-0307FA52268C}.Debug|Any CPU.ActiveCfg = Debug|x64
		{9F1830B0-28F0-40C6-9B26-0307FA52268C}.Debug|Mixed Platforms.ActiveCfg = Debug|x64
		{9F1830B0-28F0-40C6-9B26-0307FA52268C}.Debug|Mixed Platforms.Build.0 = Debug|x64
		{9F1830B0-28F0-40C6-9B26-0307FA52268C}.Debug|Win32.ActiveCfg = Debug|Win32
		{9F1830B0-28F0-40C6-9B26-0307FA52268C}.Debug|Win32.Build.0 = Debug|Win32
		{9F1830B0-28F0-40C6-9B26-0307FA52268C}.Debug|x64.ActiveCfg = Debug|x64
		{9F1830B0-28F0-40C6-9B26-0307FA52268C}.Debug|x64.Build.0 = Debug|x64
		{9F1830B0-28F0-40C6-9B26-0307FA52268C}.Release|Any CPU.ActiveCfg = Release|x64
		{9F1830B0-28F0-40C6-9B26-0307FA52268C}.Release|Mixed Platforms.ActiveCfg = Release|x64
		{9F1830B0-28F0-40C6-9B26-0307FA52268C}.Release|Mixed Platforms.Build.0 = Release|x64
		{9F1830B0-28F0-40C6-9B26-0307FA52268C}.Release|Win32.ActiveCfg = Release|Win32
		{9F1830B0-28F0-40C6-9B26-0307FA52268C}.Release|Win32.Build.0 = Release|Win32
		{9F1830B0-28F0-40C6-9B26-0307FA52268C}.Release|x64.ActiveCfg = Release|x64
		{9F1830B0-28F0-40C6-9B26-0307FA52268C}.Release|x64.Build.0 = Release|x64
		{EB193AD3-99DC-477F-BDF9-C071812B93D0}.Debug|Any CPU.ActiveCfg = Debug|x64
		{EB193AD3-99DC-477F-BDF9-C071812B93D0}.Debug|Mixed Platforms.ActiveCfg = Debug|x64
		{EB193AD3-99DC-477F-BDF9-C071812B93D0}.Debug|Mixed Platforms.Build.0 = Debug|x64
		{EB193AD3-99DC-477F-BDF9-C071812B93D0}.Debug|Win32.ActiveCfg = Debug|Win32
		{EB193AD3-99DC-477F-BDF9-C071812B93D0}.Debug|Win32.Build.0 = Debug|Win32
		{EB193AD3-99DC-477F-BDF9-C071812B93D0}.Debug|x64.ActiveCfg = Debug|x64
		{EB193AD3-99DC-477F-BDF9-C071812B93D0}.Debug|x64.Build.0 = Debug|x64
		{EB193AD3-99DC-477F-BDF9-C071812B93D0}.Release|Any CPU.ActiveCfg = Release|x64
		{EB193AD3-99DC-477F-BDF9-C071812B93D0}.Release|Mixed Platforms.ActiveCfg = Release|x64
		{EB193AD3-99DC-477F-BDF9-C071812B93D0}.Release|Mixed Platforms.Build.0 = Release|x64
		{EB193AD3-99DC-477F-BDF9-C071812B93D0}.Release|Win32.ActiveCfg = Release|Win32
		{EB193AD3-99DC-477F-BDF9-C071812B93D0}.Release|Win32.Build.0 = Release|Win32
		{EB193AD3-99DC-477F-BDF9-C071812B93D0}.Release|x64.ActiveCfg = Release|x64
		{EB193AD3-99DC-477F-BDF9-C071812B93D0}.Release|x64.Build.0 = Release|x64
		{4FFE2BEB-049B-46E4-88C9-50F6BCA79CC0}.Debug|Any CPU.ActiveCfg = Debug|x64
		{4FFE2BEB-049B-46E4-88C9-50F6BCA79CC0}.Debug|Mixed Platforms.ActiveCfg = Debug|x64
		{4FFE2BEB-049B-46E4-88C9-50F6BCA79CC0}.Debug|Mixed Platforms.Build.0 = Debug|x64
		{4FFE2BEB-049B-46E4-88C9-50F6BCA79CC0}.Debug|Win32.ActiveCfg = Debug|Win32
		{4FFE2BEB-049B-46E4-88C9-50F6BCA79CC0}.Debug|Win32.Build.0 = Debug|Win32
		{4FFE2BEB-049B-46E4-88C9-50F6BCA79CC0}.Debug|x64.ActiveCfg = Debug|x64
		{4FFE2BEB-049B-46E4-88C9-50F6BCA79CC0}.Debug|x64.Build.0 = Debug|x64
		{4FFE2BEB-049B-46E4-88C9-50F6BCA79CC0}.Release|Any CPU.ActiveCfg = Release|x64
		{4FFE2BEB-049B-46E4-88C9-50F6BCA79CC0}.Release|Mixed Platforms.ActiveCfg = Release|x64
		{4FFE2BEB-049B-46E4-88C9-50F6BCA79CC0}.Release|Mixed Platforms.Build.0 = Release|x64
		{4FFE2BEB-049B-46E4-88C9-50F6BCA79CC0}.Release|Win32.ActiveCfg = Release|Win32
		{4FFE2BEB-049B-46E4-88C9-50F6BCA79CC0}.Release|Win32.Build.0 = Release|Win32
		{4FFE2BEB-049B-46E4-88C9-50F6BCA79CC0}.Release|x64.ActiveCfg = Release|x64
		{4FFE2BEB-049B-46E4-88C9-50F6BCA79CC0}.Release|x64.Build.0 = Release|x64
		{3F802287-78C1-4EE6-9B06-8C1A9CB62226}.Debug|Any CPU.ActiveCfg = Debug|x64
		{3F802287-78C1-4EE6-9B06-8C1A9CB62226}.Debug|Mixed Platforms.ActiveCfg = Debug|x64
		{3F802287-78C1-4EE6-9B06-8C1A9CB62226}.Debug|Mixed Platforms.Build.0 = Debug|x64
		{3F802287-78C1-4EE6-9B06-8C1A9CB62226}.Debug|Win32.ActiveCfg = Debug|Win32
		{3F802287-78C1-4EE6-9B06-8C1A9CB62226}.Debug|Win32.Build.0 = Debug|Win32
		{3F802287-78C1-4EE6-9B06-8C1A9CB62226}.Debug|x64.ActiveCfg = Debug|x64
		{3F802287-78C1-4EE6-9B06-8C1A9CB62226}.Debug|x64.Build.0 = Debug|x64
		{3F802287-78C1-4EE6-9B06-8C1A9CB62226}.Release|Any CPU.ActiveCfg = Release|x64
		{3F802287-78C1-4EE6-9B06-8C1A9CB62226}.Release|Mixed Platforms.ActiveCfg = Release|x64
		{3F802287-78C1-4EE6-9B06-8C1A9CB62226}.Release|Mixed Platforms.Build.0 = Release|x64
		{3F802287-78C1-4EE6-9B06-8C1A9CB62226}.Release|Win32.ActiveCfg = Release|Win32
		{3F802287-78C1-4EE6-9B06-8C1A9CB62226}.Release|Win32.Build.0 = Release|Win32
		{3F802287-78C1-4EE6-9B06-8C1A9CB62226}.Release|x64.ActiveCfg = Release|x64
		{3F802287-78C1-4EE6-9B06-8C1A9CB62226}.Release|x64.Build.0 = Release|x64
		{50EBFCBE-63FE-40AC-BEBF-85ADAB80FDED}.Debug|Any CPU.ActiveCfg = Debug|x64
		{50EBFCBE-63FE-40AC-BEBF-85ADAB80FDED}.Debug|Mixed Platforms.ActiveCfg = Debug|x64
		{50EBFCBE-63FE-40AC-BEBF-85ADAB80FDED}.Debug|Mixed Platforms.Build.0 = Debug|x64
		{50EBFCBE-63FE-40AC-BEBF-85ADAB80FDED}.Debug|Win32.ActiveCfg = Debug|Win32
		{50EBFCBE-63FE-40AC-BEBF-85ADAB80FDED}.Debug|Win32.Build.0 = Debug|Win32
		{50EBFCBE-63FE-40AC-BEBF-85ADAB80FDED}.Debug|x64.ActiveCfg = Debug|x64
		{50EBFCBE-63FE-40AC-BEBF-85ADAB80FDED}.Debug|x64.Build.0 = Debug|x64
		{50EBFCBE-63FE-40AC-BEBF-85ADAB80FDED}.Release|Any CPU.ActiveCfg = Release|x64
		{50EBFCBE-63FE-40AC-BEBF-85ADAB80FDED}.Release|Mixed Platforms.ActiveCfg = Release|x64
		{50EBFCBE-63FE-40AC-BEBF-85ADAB80FDED}.Release|Mixed Platforms.Build.0 = Release|x64
		{50EBFCBE-63FE-40AC-BEBF-85ADAB80FDED}.Release|Win32.ActiveCfg = Release|Win32
		{50EBFCBE-63FE-40AC-BEBF-85ADAB80FDED}.Release|Win32.Build.0 = Release|Win32
		{50EBFCBE-63FE-40AC-BEBF-85ADAB80FDED}.Release|x64.ActiveCfg = Release|x64
		{50EBFCBE-63FE-40AC-BEBF-85ADAB80FDED}.Release|x64.Build.0 = Release|x64
		{659B501F-086F-4414-83D3-E018F05C380B}.Debug|Any CPU.ActiveCfg = Debug|x64
		{659B501F-086F-4414-83D3-E018F05C380B}.Debug|Mixed Platforms.ActiveCfg = Debug|x64
		{659B501F-086F-4414-83D3-E018F05C380B}.Debug|Mixed Platforms.Build.0 = Debug|x64
		{659B501F-086F-4414-83D3-E018F05C380B}.Debug|Win32.ActiveCfg = Debug|Win32
		{659B501F-086F-4414-83D3-E018F05C380B}.Debug|Win32.Build.0 = Debug|Win32
		{659B501F-086F-4414-83D3-E018F05C380B}.Debug|x64.ActiveCfg = Debug|x64
		{659B501F-086F-4414-83D3-E018F05C380B}.Debug|x64.Build.0 = Debug|x64
		{659B501F-086F-4414-83D3-E018F05C380B}.Release|Any CPU.ActiveCfg = Release|x64
		{659B501F-086F-4414-83D3-E018F05C380B}.Release|Mixed Platforms.ActiveCfg = Release|x64
		{659B501F-086F-4414-83D3-E018F05C380B}.Release|Mixed Platforms.Build.0 = Release|x64
		{659B501F-086F-4414-83D3-E018F05C380B}.Release|Win32.ActiveCfg = Release|Win32
		{659B501F-086F-4414-83D3-E018F05C380B}.Release|Win32.Build.0 = Release|Win32
		{659B501F-086F-4414-83D3-E018F05C380B}.Release|x64.ActiveCfg = Release|x64
		{659B501F-086F-4414-83D3-E018F05C380B}.Release|x64.Build.0 = Release|x64
		{5DAE389C-7C1E-4F6E-8F63-FB0980CFACB7}.Debug|Any CPU.ActiveCfg = Debug|x64
		{5DAE389C-7C1E-4F6E-8F63-FB0980CFACB7}.Debug|Mixed Platforms.ActiveCfg = Debug|x64
		{5DAE389C-7C1E-4F6E-8F63-FB0980CFACB7}.Debug|Mixed Platforms.Build.0 = Debug|x64
		{5DAE389C-7C1E-4F6E-8F63-FB0980CFACB7}.Debug|Win32.ActiveCfg = Debug|Win32
		{5DAE389C-7C1E-4F6E-8F63-FB0980CFACB7}.Debug|Win32.Build.0 = Debug|Win32
		{5DAE389C-7C1E-4F6E-8F63-FB0980CFACB7}.Debug|x64.ActiveCfg = Debug|x64
		{5DAE389C-7C1E-4F6E-8F63-FB0980CFACB7}.Debug|x64.Build.0 = Debug|x64
		{5DAE389C-7C1E-4F6E-8F63-FB0980CFACB7}.Release|Any CPU.ActiveCfg = Release|x64
		{5DAE389C-7C1E-4F6E-8F63-FB0980CFACB7}.Release|Mixed Platforms.ActiveCfg = Release|x64
		{5DAE389C-7C1E-4F6E-8F63-FB0980CFACB7}.Release|Mixed Platforms.Build.0 = Release|x64
		{5DAE389C-7C1E-4F6E-8F63-FB0980CFACB7}.Release|Win32.ActiveCfg = Release|Win32
		{5DAE389C-7C1E-4F6E-8F63-FB0980CFACB7}.Release|Win32.Build.0 = Release|Win32
		{5DAE389C-7C1E-4F6E-8F63-FB0980CFACB7}.Release|x64.ActiveCfg = Release|x64
		{5DAE389C-7C1E-4F6E-8F63-FB0980CFACB7}.Release|x64.Build.0 = Release|x64
		{25FDB8FE-243A-4666-8B81-C52E0949D566}.Debug|Any CPU.ActiveCfg = Debug|x64
		{25FDB8FE-243A-4666-8B81-C52E0949D566}.Debug|Mixed Platforms.ActiveCfg = Debug|x64
		{25FDB8FE-243A-4666-8B81-C52E0949D566}.Debug|Mixed Platforms.Build.0 = Debug|x64
		{25FDB8FE-243A-4666-8B81-C52E0949D566}.Debug|Win32.ActiveCfg = Debug|Win32
		{25FDB8FE-243A-4666-8B81-C52E0949D566}.Debug|Win32.Build.0 = Debug|Win32
		{25FDB8FE-243A-4666-8B81-C52E0949D566}.Debug|x64.ActiveCfg = Debug|x64
		{25FDB8FE-243A-4666-8B81-C52E0949D566}.Debug|x64.Build.0 = Debug|x64
		{25FDB8FE-243A-4666-8B81-C52E0949D566}.Release|Any CPU.ActiveCfg = Release|x64
		{25FDB8FE-243A-4666-8B81-C52E0949D566}.Release|Mixed Platforms.ActiveCfg = Release|x64
		{25FDB8FE-243A-4666-8B81-C52E0949D566}.Release|Mixed Platforms.Build.0 = Release|x64
		{25FDB8FE-243A-4666-8B81-C52E0949D566}.Release|Win32.ActiveCfg = Release|Win32
		{25FDB8FE-243A-4666-8B81-C52E0949D566}.Release|Win32.Build.0 = Release|Win32
		{25FDB8FE-243A-4666-8B81-C52E0949D566}.Release|x64.ActiveCfg = Release|x64
		{25FDB8FE-243A-4666-8B81-C52E0949D566}.Release|x64.Build.0 = Release|x64
		{64F11BE9-D14C-4B80-B71B-0CF84B4B3897}.Debug|Any CPU.ActiveCfg = Debug|x64
		{64F11BE9-D14C-4B80-B71B-0CF84B4B3897}.Debug|Mixed Platforms.ActiveCfg = Debug|x64
		{64F11BE9-D14C-4B80-B71B-0CF84B4B3897}.Debug|Mixed Platforms.Build.0 = Debug|x64
		{64F11BE9-D14C-4B80-B71B-0CF84B4B3897}.Debug|Win32.ActiveCfg = Debug|Win32
		{64F11BE9-D14C-4B80-B71B-0CF84B4B3897}.Debug|Win32.Build.0 = Debug|Win32
		{64F11BE9-D14C-4B80-B71B-0CF84B4B3897}.Debug|x64.ActiveCfg = Debug|x64
		{64F11BE9-D14C-4B80-B71B-0CF84B4B3897}.Debug|x64.Build.0 = Debug|x64
		{64F11BE9-D14C-4B80-B71B-0CF84B4B3897}.Release|Any CPU.ActiveCfg = Release|x64
		{64F11BE9-D14C-4B80-B71B-0CF84B4B3897}.Release|Mixed Platforms.ActiveCfg = Release|x64
		{64F11BE9-D14C-4B80-B71B-0CF84B4B3897}.Release|Mixed Platforms.Build.0 = Release|x64
		{64F11BE9-D14C-4B80-B71B-0CF84B4B3897}.Release|Win32.ActiveCfg = Release|Win32
		{64F11BE9-D14C-4B80-B71B-0CF84B4B3897}.Release|Win32.Build.0 = Release|Win32
		{64F11BE9-D14C-4B80-B71B-0CF84B4B3897}.Release|x64.ActiveCfg = Release|x64
		{64F11BE9-D14C-4B80-B71B-0CF84B4B3897}.Release|x64.Build.0 = Release|x64
		{A27D08FE-F274-464E-B361-E1DDE7203264}.Debug|Any CPU.ActiveCfg = Debug|x64
		{A27D08FE-F274-464E-B361-E1DDE7203264}.Debug|Mixed Platforms.ActiveCfg = Debug|x64
		{A27D08FE-F274-464E-B361-E1DDE7203264}.Debug|Mixed Platforms.Build.0 = Debug|x64
		{A27D08FE-F274-464E-B361-E1DDE7203264}.Debug|Win32.ActiveCfg = Debug|Win32
		{A27D08FE-F274-464E-B361-E1DDE7203264}.Debug|Win32.Build.0 = Debug|Win32
		{A27D08FE-F274-464E-B361-E1DDE7203264}.Debug|x64.ActiveCfg = Debug|x64
		{A27D08FE-F274-464E-B361-E1DDE7203264}.Debug|x64.Build.0 = Debug|x64
		{A27D08FE-F274-464E-B361-E1DDE7203264}.Release|Any CPU.ActiveCfg = Release|x64
		{A27D08FE-F274-464E-B361-E1DDE7203264}.Release|Mixed Platforms.ActiveCfg = Release|x64
		{A27D08FE-F274-464E-B361-E1DDE7203264}.Release|Mixed Platforms.Build.0 = Release|x64
		{A27D08FE-F274-464E-B361-E1DDE7203264}.Release|Win32.ActiveCfg = Release|Win32
		{A27D08FE-F274-464E-B361-E1DDE7203264}.Release|Win32.Build.0 = Release|Win32
		{A27D08FE-F274-464E-B361-E1DDE7203264}.Release|x64.ActiveCfg = Release|x64
		{A27D08FE-F274-464E-B361-E1DDE7203264}.Release|x64.Build.0 = Release|x64
		{E484AC73-2464-472C-B779-D6878E8B3FA3}.Debug|Any CPU.ActiveCfg = Debug|x64
		{E484AC73-2464-472C-B779-D6878E8B3FA3}.Debug|Mixed Platforms.ActiveCfg = Debug|x64
		{E484AC73-2464-472C-B779-D6878E8B3FA3}.Debug|Mixed Platforms.Build.0 = Debug|x64
		{E484AC73-2464-472C-B779-D6878E8B3FA3}.Debug|Win32.ActiveCfg = Debug|Win32
		{E484AC73-2464-472C-B779-D6878E8B3FA3}.Debug|Win32.Build.0 = Debug|Win32
		{E484AC73-2464-472C-B779-D6878E8B3FA3}.Debug|x64.ActiveCfg = Debug|x64
		{E484AC73-2464-472C-B779-D6878E8B3FA3}.Debug|x64.Build.0 = Debug|x64
		{E484AC73-2464-472C-B779-D6878E8B3FA3}.Release|Any CPU.ActiveCfg = Release|x64
		{E484AC73-2464-472C-B779-D6878E8B3FA3}.Release|Mixed Platforms.ActiveCfg = Release|x64
		{E484AC73-2464-472C-B779-D6878E8B3FA3}.Release|Mixed Platforms.Build.0 = Release|x64
		{E484AC73-2464-472C-B779-D6878E8B3FA3}.Release|Win32.ActiveCfg = Release|Win32
		{E484AC73-2464-472C-B779-D6878E8B3FA3}.Release|Win32.Build.0 = Release|Win32
		{E484AC73-2464-472C-B779-D6878E8B3FA3}.Release|x64.ActiveCfg = Release|x64
		{E484AC73-2464-472C-B779-D6878E8B3FA3}.Release|x64.Build.0 = Release|x64
		{5A0DDD5F-9122-4FD1-83D1-5F9D96178D75}.Debug|Any CPU.ActiveCfg = Debug|x64
		{5A0DDD5F-9122-4FD1-83D1-5F9D96178D75}.Debug|Mixed Platforms.ActiveCfg = Debug|x64
		{5A0DDD5F-9122-4FD1-83D1-5F9D96178D75}.Debug|Mixed Platforms.Build.0 = Debug|x64
		{5A0DDD5F-9122-4FD1-83D1-5F9D96178D75}.Debug|Win32.ActiveCfg = Debug|Win32
		{5A0DDD5F-9122-4FD1-83D1-5F9D96178D75}.Debug|Win32.Build.0 = Debug|Win32
		{5A0DDD5F-9122-4FD1-83D1-5F9D96178D75}.Debug|x64.ActiveCfg = Debug|x64
		{5A0DDD5F-9122-4FD1-83D1-5F9D96178D75}.Debug|x64.Build.0 = Debug|x64
		{5A0DDD5F-9122-4FD1-83D1-5F9D96178D75}.Release|Any CPU.ActiveCfg = Release|x64
		{5A0DDD5F-9122-4FD1-83D1-5F9D96178D75}.Release|Mixed Platforms.ActiveCfg = Release|x64
		{5A0DDD5F-9122-4FD1-83D1-5F9D96178D75}.Release|Mixed Platforms.Build.0 = Release|x64
		{5A0DDD5F-9122-4FD1-83D1-5F9D96178D75}.Release|Win32.ActiveCfg = Release|Win32
		{5A0DDD5F-9122-4FD1-83D1-5F9D96178D75}.Release|Win32.Build.0 = Release|Win32
		{5A0DDD5F-9122-4FD1-83D1-5F9D96178D75}.Release|x64.ActiveCfg = Release|x64
		{5A0DDD5F-9122-4FD1-83D1-5F9D96178D75}.Release|x64.Build.0 = Release|x64
		{878AA0FC-E743-4592-84C5-C1B8B82310C2}.Debug|Any CPU.ActiveCfg = Debug|x64
		{878AA0FC-E743-4592-84C5-C1B8B82310C2}.Debug|Mixed Platforms.ActiveCfg = Debug|x64
		{878AA0FC-E743-4592-84C5-C1B8B82310C2}.Debug|Mixed Platforms.Build.0 = Debug|x64
		{878AA0FC-E743-4592-84C5-C1B8B82310C2}.Debug|Win32.ActiveCfg = Debug|Win32
		{878AA0FC-E743-4592-84C5-C1B8B82310C2}.Debug|Win32.Build.0 = Debug|Win32
		{878AA0FC-E743-4592-84C5-C1B8B82310C2}.Debug|x64.ActiveCfg = Debug|x64
		{878AA0FC-E743-4592-84C5-C1B8B82310C2}.Debug|x64.Build.0 = Debug|x64
		{878AA0FC-E743-4592-84C5-C1B8B82310C2}.Release|Any CPU.ActiveCfg = Release|x64
		{878AA0FC-E743-4592-84C5-C1B8B82310C2}.Release|Mixed Platforms.ActiveCfg = Release|x64
		{878AA0FC-E743-4592-84C5-C1B8B82310C2}.Release|Mixed Platforms.Build.0 = Release|x64
		{878AA0FC-E743-4592-84C5-C1B8B82310C2}.Release|Win32.ActiveCfg = Release|Win32
		{878AA0FC-E743-4592-84C5-C1B8B82310C2}.Release|Win32.Build.0 = Release|Win32
		{878AA0FC-E743-4592-84C5-C1B8B82310C2}.Release|x64.ActiveCfg = Release|x64
		{878AA0FC-E743-4592-84C5-C1B8B82310C2}.Release|x64.Build.0 = Release|x64
		{2FB3385F-89E2-40FE-8157-5A2993C6D258}.Debug|Any CPU.ActiveCfg = Debug|x64
		{2FB3385F-89E2-40FE-8157-5A2993C6D258}.Debug|Mixed Platforms.ActiveCfg = Debug|x64
		{2FB3385F-89E2-40FE-8157-5A2993C6D258}.Debug|Mixed Platforms.Build.0 = Debug|x64
		{2FB3385F-89E2-40FE-8157-5A2993C6D258}.Debug|Win32.ActiveCfg = Debug|Win32
		{2FB3385F-89E2-40FE-8157-5A2993C6D258}.Debug|Win32.Build.0 = Debug|Win32
		{2FB3385F-89E2-40FE-8157-5A2993C6D258}.Debug|x64.ActiveCfg = Debug|x64
		{2FB3385F-89E2-40FE-8157-5A2993C6D258}.Debug|x64.Build.0 = Debug|x64
		{2FB3385F-89E2-40FE-8157-5A2993C6D258}.Release|Any CPU.ActiveCfg = Release|x64
		{2FB3385F-89E2-40FE-8157-5A2993C6D258}.Release|Mixed Platforms.ActiveCfg = Release|x64
		{2FB3385F-89E2-40FE-8157-5A2993C6D258}.Release|Mixed Platforms.Build.0 = Release|x64
		{2FB3385F-89E2-40FE-8157-5A2993C6D258}.Release|Win32.ActiveCfg = Release|Win32
		{2FB3385F-89E2-40FE-8157-5A2993C6D258}.Release|Win32.Build.0 = Release|Win32
		{2FB3385F-89E2-40FE-8157-5A2993C6D258}.Release|x64.ActiveCfg = Release|x64
		{2FB3385F-89E2-40FE-8157-5A2993C6D258}.Release|x64.Build.0 = Release|x64
		{009F33C7-F664-495B-80EB-FCEA9664A3B1}.Debug|Any CPU.ActiveCfg = Debug|x64
		{009F33C7-F664-495B-80EB-FCEA9664A3B1}.Debug|Mixed Platforms.ActiveCfg = Debug|x64
		{009F33C7-F664-495B-80EB-FCEA9664A3B1}.Debug|Mixed Platforms.Build.0 = Debug|x64
		{009F33C7-F664-495B-80EB-FCEA9664A3B1}.Debug|Win32.ActiveCfg = Debug|Win32
		{009F33C7-F664-495B-80EB-FCEA9664A3B1}.Debug|Win32.Build.0 = Debug|Win32
		{009F33C7-F664-495B-80EB-FCEA9664A3B1}.Debug|x64.ActiveCfg = Debug|x64
		{009F33C7-F664-495B-80EB-FCEA9664A3B1}.Debug|x64.Build.0 = Debug|x64
		{009F33C7-F664-495B-80EB-FCEA9664A3B1}.Release|Any CPU.ActiveCfg = Release|x64
		{009F33C7-F664-495B-80EB-FCEA9664A3B1}.Release|Mixed Platforms.ActiveCfg = Release|x64
		{009F33C7-F664-495B-80EB-FCEA9664A3B1}.Release|Mixed Platforms.Build.0 = Release|x64
		{009F33C7-F664-495B-80EB-FCEA9664A3B1}.Release|Win32.ActiveCfg = Release|Win32
		{009F33C7-F664-495B-80EB-FCEA9664A3B1}.Release|Win32.Build.0 = Release|Win32
		{009F33C7-F664-495B-80EB-FCEA9664A3B1}.Release|x64.ActiveCfg = Release|x64
		{009F33C7-F664-495B-80EB-FCEA9664A3B1}.Release|x64.Build.0 = Release|x64
		{DEAA2942-1A37-4E2F-97BA-87BD43EC5FAA}.Debug|Any CPU.ActiveCfg = Debug|x64
		{DEAA2942-1A37-4E2F-97BA-87BD43EC5FAA}.Debug|Mixed Platforms.ActiveCfg = Debug|x64
		{DEAA2942-1A37-4E2F-97BA-87BD43EC5FAA}.Debug|Mixed Platforms.Build.0 = Debug|x64
		{DEAA2942-1A37-4E2F-97BA-87BD43EC5FAA}.Debug|Win32.ActiveCfg = Debug|Win32
		{DEAA2942-1A37-4E2F-97BA-87BD43EC5FAA}.Debug|Win32.Build.0 = Debug|Win32
		{DEAA2942-1A37-4E2F-97BA-87BD43EC5FAA}.Debug|x64.ActiveCfg = Debug|x64
		{DEAA2942-1A37-4E2F-97BA-87BD43EC5FAA}.Debug|x64.Build.0 = Debug|x64
		{DEAA2942-1A37-4E2F-97BA-87BD43EC5FAA}.Release|Any CPU.ActiveCfg = Release|x64
		{DEAA2942-1A37-4E2F-97BA-87BD43EC5FAA}.Release|Mixed Platforms.ActiveCfg = Release|x64
		{DEAA2942-1A37-4E2F-97BA-87BD43EC5FAA}.Release|Mixed Platforms.Build.0 = Release|x64
		{DEAA2942-1A37-4E2F-97BA-87BD43EC5FAA}.Release|Win32.ActiveCfg = Release|Win32
		{DEAA2942-1A37-4E2F-97BA-87BD43EC5FAA}.Release|Win32.Build.0 = Release|Win32
		{DEAA2942-1A37-4E2F-97BA-87BD43EC5FAA}.Release|x64.ActiveCfg = Release|x64
		{DEAA2942-1A37-4E2F-97BA-87BD43EC5FAA}.Release|x64.Build.0 = Release|x64
		{56C692EA-689C-46EC-8A78-B3F63CE46445}.Debug|Any CPU.ActiveCfg = Debug|x64
		{56C692EA-689C-46EC-8A78-B3F63CE46445}.Debug|Mixed Platforms.ActiveCfg = Debug|x64
		{56C692EA-689C-46EC-8A78-B3F63CE46445}.Debug|Mixed Platforms.Build.0 = Debug|x64
		{56C692EA-689C-46EC-8A78-B3F63CE46445}.Debug|Win32.ActiveCfg = Debug|Win32
		{56C692EA-689C-46EC-8A78-B3F63CE46445}.Debug|Win32.Build.0 = Debug|Win32
		{56C692EA-689C-46EC-8A78-B3F63CE46445}.Debug|x64.ActiveCfg = Debug|x64
		{56C692EA-689C-46EC-8A78-B3F63CE46445}.Debug|x64.Build.0 = Debug|x64
		{56C692EA-689C-46EC-8A78-B3F63CE46445}.Release|Any CPU.ActiveCfg = Release|x64
		{56C692EA-689C-46EC-8A78-B3F63CE46445}.Release|Mixed Platforms.ActiveCfg = Release|x64
		{56C692EA-689C-46EC-8A78-B3F63CE46445}.Release|Mixed Platforms.Build.0 = Release|x64
		{56C692EA-689C-46EC-8A78-B3F63CE46445}.Release|Win32.ActiveCfg = Release|Win32
		{56C692EA-689C-46EC-8A78-B3F63CE46445}.Release|Win32.Build.0 = Release|Win32
		{56C692EA-689C-46EC-8A78-B3F63CE46445}.Release|x64.ActiveCfg = Release|x64
		{56C692EA-689C-46EC-8A78-B3F63CE46445}.Release|x64.Build.0 = Release|x64
		{41E0A195-CF50-43F6-80EB-654EA92BC333}.Debug|Any CPU.ActiveCfg = Debug|x64
		{41E0A195-CF50-43F6-80EB-654EA92BC333}.Debug|Mixed Platforms.ActiveCfg = Debug|x64
		{41E0A195-CF50-43F6-80EB-654EA92BC333}.Debug|Mixed Platforms.Build.0 = Debug|x64
		{41E0A195-CF50-43F6-80EB-654EA92BC333}.Debug|Win32.ActiveCfg = Debug|Win32
		{41E0A195-CF50-43F6-80EB-654EA92BC333}.Debug|Win32.Build.0 = Debug|Win32
		{41E0A195-CF50-43F6-80EB-654EA92BC333}.Debug|x64.ActiveCfg = Debug|x64
		{41E0A195-CF50-43F6-80EB-654EA92BC333}.Debug|x64.Build.0 = Debug|x64
		{41E0A195-CF50-43F6-80EB-654EA92BC333}.Release|Any CPU.ActiveCfg = Release|x64
		{41E0A195-CF50-43F6-80EB-654EA92BC333}.Release|Mixed Platforms.ActiveCfg = Release|x64
		{41E0A195-CF50-43F6-80EB-654EA92BC333}.Release|Mixed Platforms.Build.0 = Release|x64
		{41E0A195-CF50-43F6-80EB-654EA92BC333}.Release|Win32.ActiveCfg = Release|Win32
		{41E0A195-CF50-43F6-80EB-654EA92BC333}.Release|Win32.Build.0 = Release|Win32
		{41E0A195-CF50-43F6-80EB-654EA92BC333}.Release|x64.ActiveCfg = Release|x64
		{41E0A195-CF50-43F6-80EB-654EA92BC333}.Release|x64.Build.0 = Release|x64
	EndGlobalSection
	GlobalSection(SolutionProperties) = preSolution
		HideSolutionNode = FALSE
	EndGlobalSection
	GlobalSection(NestedProjects) = preSolution
		{9F1830B0-28F0-40C6-9B26-0307FA52268C} = {3B79DB33-4745-48A4-9D21-45926FA20D15}
		{FA048ADB-AA9C-40D1-BD82-EB696C65658F} = {3B79DB33-4745-48A4-9D21-45926FA20D15}
		{50EBFCBE-63FE-40AC-BEBF-85ADAB80FDED} = {3B79DB33-4745-48A4-9D21-45926FA20D15}
		{5DAE389C-7C1E-4F6E-8F63-FB0980CFACB7} = {3B79DB33-4745-48A4-9D21-45926FA20D15}
		{25FDB8FE-243A-4666-8B81-C52E0949D566} = {3B79DB33-4745-48A4-9D21-45926FA20D15}
		{64F11BE9-D14C-4B80-B71B-0CF84B4B3897} = {3B79DB33-4745-48A4-9D21-45926FA20D15}
		{E484AC73-2464-472C-B779-D6878E8B3FA3} = {3B79DB33-4745-48A4-9D21-45926FA20D15}
		{878AA0FC-E743-4592-84C5-C1B8B82310C2} = {3B79DB33-4745-48A4-9D21-45926FA20D15}
		{56C692EA-689C-46EC-8A78-B3F63CE46445} = {3B79DB33-4745-48A4-9D21-45926FA20D15}
		{41E0A195-CF50-43F6-80EB-654EA92BC333} = {3B79DB33-4745-48A4-9D21-45926FA20D15}
		{659B501F-086F-4414-83D3-E018F05C380B} = {3B79DB33-4745-48A4-9D21-45926FA20D15}
		{2FB3385F-89E2-40FE-8157-5A2993C6D258} = {3B79DB33-4745-48A4-9D21-45926FA20D15}
		{A27D08FE-F274-464E-B361-E1DDE7203264} = {3B79DB33-4745-48A4-9D21-45926FA20D15}
		{BF10EC05-D4CC-47C7-A4C1-94465ACDDAE2} = {F3C01B10-44B8-492C-94C2-8BDFC67DBCC9}
		{E1014A1A-00B5-4C97-832E-86EE773F0403} = {F3C01B10-44B8-492C-94C2-8BDFC67DBCC9}
		{4FFE2BEB-049B-46E4-88C9-50F6BCA79CC0} = {F3C01B10-44B8-492C-94C2-8BDFC67DBCC9}
		{517EBCF9-A5DA-4BF0-B4BF-1C4A7BB899CE} = {F3C01B10-44B8-492C-94C2-8BDFC67DBCC9}
		{1311EAE3-BBF8-4B24-83B9-6D6C12DBA295} = {779F77E3-3ED3-4D22-B54A-0F07F9415AF9}
		{3F802287-78C1-4EE6-9B06-8C1A9CB62226} = {779F77E3-3ED3-4D22-B54A-0F07F9415AF9}
		{DA6AB870-F791-478E-AE09-7A670F4AFBDE} = {779F77E3-3ED3-4D22-B54A-0F07F9415AF9}
		{009F33C7-F664-495B-80EB-FCEA9664A3B1} = {779F77E3-3ED3-4D22-B54A-0F07F9415AF9}
		{DEAA2942-1A37-4E2F-97BA-87BD43EC5FAA} = {779F77E3-3ED3-4D22-B54A-0F07F9415AF9}
		{EB193AD3-99DC-477F-BDF9-C071812B93D0} = {2FC504C3-330C-4837-B79F-872EE644B6D0}
	EndGlobalSection
EndGlobal
