
Microsoft Visual Studio Solution File, Format Version 9.00
# Visual Studio 2005
Project("{FAE04EC0-301F-11D3-BF4B-00C04F79EFBC}") = "TracerWindow", "TracerWindow\TracerWindow.csproj", "{878AA0FC-E743-4592-84C5-C1B8B82310C2}"
EndProject
Global
	GlobalSection(SolutionConfigurationPlatforms) = preSolution
		Debug|Any CPU = Debug|Any CPU
		Release|Any CPU = Release|Any CPU
	EndGlobalSection
	GlobalSection(ProjectConfigurationPlatforms) = postSolution
		{878AA0FC-E743-4592-84C5-C1B8B82310C2}.Debug|Any CPU.ActiveCfg = Debug|Any CPU
		{878AA0FC-E743-4592-84C5-C1B8B82310C2}.Debug|Any CPU.Build.0 = Debug|Any CPU
		{878AA0FC-E743-4592-84C5-C1B8B82310C2}.Release|Any CPU.ActiveCfg = Release|Any CPU
		{878AA0FC-E743-4592-84C5-C1B8B82310C2}.Release|Any CPU.Build.0 = Release|Any CPU
	EndGlobalSection
	GlobalSection(SolutionProperties) = preSolution
		HideSolutionNode = FALSE
	EndGlobalSection
EndGlobal
