
Microsoft Visual Studio Solution File, Format Version 9.00
# Visual Studio 2005
Project("{FAE04EC0-301F-11D3-BF4B-00C04F79EFBC}") = "EcellLib", "EcellLib\EcellLib.csproj", "{1311EAE3-BBF8-4B24-83B9-6D6C12DBA295}"
EndProject
Global
	GlobalSection(SolutionConfigurationPlatforms) = preSolution
		Debug|Any CPU = Debug|Any CPU
		Release|Any CPU = Release|Any CPU
	EndGlobalSection
	GlobalSection(ProjectConfigurationPlatforms) = postSolution
		{1311EAE3-BBF8-4B24-83B9-6D6C12DBA295}.Debug|Any CPU.ActiveCfg = Debug|Any CPU
		{1311EAE3-BBF8-4B24-83B9-6D6C12DBA295}.Debug|Any CPU.Build.0 = Debug|Any CPU
		{1311EAE3-BBF8-4B24-83B9-6D6C12DBA295}.Release|Any CPU.ActiveCfg = Release|Any CPU
		{1311EAE3-BBF8-4B24-83B9-6D6C12DBA295}.Release|Any CPU.Build.0 = Release|Any CPU
	EndGlobalSection
	GlobalSection(SolutionProperties) = preSolution
		HideSolutionNode = FALSE
	EndGlobalSection
EndGlobal
