
Microsoft Visual Studio Solution File, Format Version 9.00
# Visual Studio 2005
Project("{FAE04EC0-301F-11D3-BF4B-00C04F79EFBC}") = "StaticDebugWindow", "StaticDebugWindow\StaticDebugWindow.csproj", "{E484AC73-2464-472C-B779-D6878E8B3FA3}"
EndProject
Global
	GlobalSection(SolutionConfigurationPlatforms) = preSolution
		Debug|Any CPU = Debug|Any CPU
		Release|Any CPU = Release|Any CPU
	EndGlobalSection
	GlobalSection(ProjectConfigurationPlatforms) = postSolution
		{E484AC73-2464-472C-B779-D6878E8B3FA3}.Debug|Any CPU.ActiveCfg = Debug|Any CPU
		{E484AC73-2464-472C-B779-D6878E8B3FA3}.Debug|Any CPU.Build.0 = Debug|Any CPU
		{E484AC73-2464-472C-B779-D6878E8B3FA3}.Release|Any CPU.ActiveCfg = Release|Any CPU
		{E484AC73-2464-472C-B779-D6878E8B3FA3}.Release|Any CPU.Build.0 = Release|Any CPU
	EndGlobalSection
	GlobalSection(SolutionProperties) = preSolution
		HideSolutionNode = FALSE
	EndGlobalSection
EndGlobal
