
Microsoft Visual Studio Solution File, Format Version 9.00
# Visual Studio 2005
Project("{8BC9CEB8-8B4A-11D0-8D11-00A0C91BC942}") = "libecs", "ecell\libecs\libecs.vcproj", "{9802C0A5-0F16-40C0-84FA-2101E70655FA}"
EndProject
Project("{8BC9CEB8-8B4A-11D0-8D11-00A0C91BC942}") = "libemc", "ecell\libemc\libemc.vcproj", "{43456F03-B80C-4977-A84B-6C2A8623A716}"
EndProject
Project("{8BC9CEB8-8B4A-11D0-8D11-00A0C91BC942}") = "MichaelisUniUniFluxProcess", "dmprj\MichaelisUniUniFluxProcess\MichaelisUniUniFluxProcess.vcproj", "{89FB2200-D16C-45F6-BE4E-93E501BE5CE4}"
EndProject
Project("{8BC9CEB8-8B4A-11D0-8D11-00A0C91BC942}") = "ExecCon", "ExecCon\ExecCon.vcproj", "{9C7CCEA2-51CF-4405-9DD6-7EEDDE76F133}"
EndProject
Project("{8BC9CEB8-8B4A-11D0-8D11-00A0C91BC942}") = "FixedODE1Stepper", "dmprj\FixedODE1Stepper\FixedODE1Stepper.vcproj", "{B29ABB07-BD7A-43BB-AABF-A29C036D7479}"
EndProject
Project("{2150E333-8FDC-42A3-9474-1A3956D46DE8}") = "dmprj", "dmprj", "{4B443B20-9E0C-40CF-8D4A-8050C654DEBB}"
EndProject
Project("{8BC9CEB8-8B4A-11D0-8D11-00A0C91BC942}") = "Algebraic1Process", "dmprj\Algebraic1Process\Algebraic1Process.vcproj", "{0CCB2919-15AD-42BD-B839-87145CD73AA2}"
EndProject
Project("{8BC9CEB8-8B4A-11D0-8D11-00A0C91BC942}") = "Algebraic2Process", "dmprj\Algebraic2Process\Algebraic2Process.vcproj", "{C208E49E-A49D-4BA4-BA51-93CB64DA342C}"
EndProject
Project("{8BC9CEB8-8B4A-11D0-8D11-00A0C91BC942}") = "Algebraic3Process", "dmprj\Algebraic3Process\Algebraic3Process.vcproj", "{8673B2B0-497C-4519-9E4C-531E9355F0EE}"
EndProject
Project("{8BC9CEB8-8B4A-11D0-8D11-00A0C91BC942}") = "ConstantFluxProcess", "dmprj\ConstantFluxProcess\ConstantFluxProcess.vcproj", "{E59EA753-F09C-4250-BB74-EF517F597389}"
EndProject
Project("{8BC9CEB8-8B4A-11D0-8D11-00A0C91BC942}") = "DAEStepper", "dmprj\DAEStepper\DAEStepper.vcproj", "{2C10C39C-AA49-4C59-ABAE-AE084E253387}"
EndProject
Project("{8BC9CEB8-8B4A-11D0-8D11-00A0C91BC942}") = "DecayFluxProcess", "dmprj\DecayFluxProcess\DecayFluxProcess.vcproj", "{4FDE9C90-8951-4ED7-9716-E59C29C9D93A}"
EndProject
Project("{8BC9CEB8-8B4A-11D0-8D11-00A0C91BC942}") = "Differential1Process", "dmprj\Differential1Process\Differential1Process.vcproj", "{A6DEFA33-235F-4FC6-9071-3F1902191063}"
EndProject
Project("{8BC9CEB8-8B4A-11D0-8D11-00A0C91BC942}") = "Differential2Process", "dmprj\Differential2Process\Differential2Process.vcproj", "{1FA39388-4C86-445C-BE84-420EBF3379E9}"
EndProject
Project("{8BC9CEB8-8B4A-11D0-8D11-00A0C91BC942}") = "ESSYNSStepper", "dmprj\ESSYNSStepper\ESSYNSStepper.vcproj", "{1188F503-48E7-4699-8828-7884098129F1}"
EndProject
Project("{8BC9CEB8-8B4A-11D0-8D11-00A0C91BC942}") = "ExpressionAlgebraicProcess", "dmprj\ExpressionAlgebraicProcess\ExpressionAlgebraicProcess.vcproj", "{B0778D8D-0253-4768-8A01-E1E1547A07E1}"
EndProject
Project("{8BC9CEB8-8B4A-11D0-8D11-00A0C91BC942}") = "ExpressionAssignmentProcess", "dmprj\ExpressionAssignmentProcess\ExpressionAssignmentProcess.vcproj", "{76FF41A6-ABEF-4029-92B6-EF3029F95827}"
EndProject
Project("{8BC9CEB8-8B4A-11D0-8D11-00A0C91BC942}") = "ExpressionFluxProcess", "dmprj\ExpressionFluxProcess\ExpressionFluxProcess.vcproj", "{62CD735F-A804-4F86-8C48-54F433AE4AD9}"
EndProject
Project("{8BC9CEB8-8B4A-11D0-8D11-00A0C91BC942}") = "FixedDAE1Stepper", "dmprj\FixedDAE1Stepper\FixedDAE1Stepper.vcproj", "{1C1D2730-FA4E-4947-84AB-987C2770AAFC}"
EndProject
Project("{8BC9CEB8-8B4A-11D0-8D11-00A0C91BC942}") = "FluxDistributionStepper", "dmprj\FluxDistributionStepper\FluxDistributionStepper.vcproj", "{7438A7F1-EEE4-4E85-95C4-9365DA627E42}"
EndProject
Project("{8BC9CEB8-8B4A-11D0-8D11-00A0C91BC942}") = "FM1Process", "dmprj\FM1Process\FM1Process.vcproj", "{80F1CECC-6906-4147-AF7C-6629977A215D}"
EndProject
Project("{8BC9CEB8-8B4A-11D0-8D11-00A0C91BC942}") = "FM2Process", "dmprj\FM2Process\FM2Process.vcproj", "{CEF26026-A1F5-4923-9DE4-DBFBFBC809E9}"
EndProject
Project("{8BC9CEB8-8B4A-11D0-8D11-00A0C91BC942}") = "FOProcess", "dmprj\FOProcess\FOProcess.vcproj", "{B8FB58FC-9325-42ED-9B7B-8EB8AC9C2CBA}"
EndProject
Project("{8BC9CEB8-8B4A-11D0-8D11-00A0C91BC942}") = "FP01Process", "dmprj\FP01Process\FP01Process.vcproj", "{7E7D8BD2-B904-48B7-84BA-955D2FC4B82E}"
EndProject
Project("{8BC9CEB8-8B4A-11D0-8D11-00A0C91BC942}") = "FP02Process", "dmprj\FP02Process\FP02Process.vcproj", "{5F3C8796-1FCE-4D99-9AD1-6F2EC60A1F75}"
EndProject
Project("{8BC9CEB8-8B4A-11D0-8D11-00A0C91BC942}") = "FP03Process", "dmprj\FP03Process\FP03Process.vcproj", "{00CC38E5-EB38-4470-AF55-90BFD287D49D}"
EndProject
Project("{8BC9CEB8-8B4A-11D0-8D11-00A0C91BC942}") = "FP11Process", "dmprj\FP11Process\FP11Process.vcproj", "{889D6E9D-F0F0-4CE8-B5E2-06042BA3FBEF}"
EndProject
Project("{8BC9CEB8-8B4A-11D0-8D11-00A0C91BC942}") = "FP12Process", "dmprj\FP12Process\FP12Process.vcproj", "{68F847E8-6B3A-4F73-8EFB-EDE520A57A97}"
EndProject
Project("{8BC9CEB8-8B4A-11D0-8D11-00A0C91BC942}") = "FP13Process", "dmprj\FP13Process\FP13Process.vcproj", "{A52131F7-C4CF-4D02-90B8-E77A9EBE4D57}"
EndProject
Project("{8BC9CEB8-8B4A-11D0-8D11-00A0C91BC942}") = "FP14Process", "dmprj\FP14Process\FP14Process.vcproj", "{23EFC7CB-3968-4913-BDC6-5244F73A1C04}"
EndProject
Project("{8BC9CEB8-8B4A-11D0-8D11-00A0C91BC942}") = "FP21Process", "dmprj\FP21Process\FP21Process.vcproj", "{CD2A5B43-4758-40E9-93F2-2967F470F392}"
EndProject
Project("{8BC9CEB8-8B4A-11D0-8D11-00A0C91BC942}") = "FP22Process", "dmprj\FP22Process\FP22Process.vcproj", "{447DB947-4F94-49E0-9873-A67BF9EBC18B}"
EndProject
Project("{8BC9CEB8-8B4A-11D0-8D11-00A0C91BC942}") = "FP23Process", "dmprj\FP23Process\FP23Process.vcproj", "{27D23160-BAD9-4D62-BC15-2C79857BE296}"
EndProject
Project("{8BC9CEB8-8B4A-11D0-8D11-00A0C91BC942}") = "FP24Process", "dmprj\FP24Process\FP24Process.vcproj", "{2C114A5F-8168-40A0-AE39-6CC4876385D9}"
EndProject
Project("{8BC9CEB8-8B4A-11D0-8D11-00A0C91BC942}") = "FP25Process", "dmprj\FP25Process\FP25Process.vcproj", "{EBEAE4D2-8994-457A-A521-EE9D199797A8}"
EndProject
Project("{8BC9CEB8-8B4A-11D0-8D11-00A0C91BC942}") = "FPn1Process", "dmprj\FPn1Process\FPn1Process.vcproj", "{DD9487BA-0AF5-46E3-B560-4A9A47154A18}"
EndProject
Project("{8BC9CEB8-8B4A-11D0-8D11-00A0C91BC942}") = "FPn2Process", "dmprj\FPn2Process\FPn2Process.vcproj", "{F41302E1-9767-4DE1-A300-9A0AD5DC0403}"
EndProject
Project("{8BC9CEB8-8B4A-11D0-8D11-00A0C91BC942}") = "GillespieProcess", "dmprj\GillespieProcess\GillespieProcess.vcproj", "{CDE3DD91-7CF8-4EC9-A438-E17C0BD45A8E}"
EndProject
Project("{8BC9CEB8-8B4A-11D0-8D11-00A0C91BC942}") = "GMAProcess", "dmprj\GMAProcess\GMAProcess.vcproj", "{00F2DB69-1C49-4CA4-8571-699E370D1400}"
EndProject
Project("{8BC9CEB8-8B4A-11D0-8D11-00A0C91BC942}") = "MakesignalProcess", "dmprj\MakesignalProcess\MakesignalProcess.vcproj", "{F4244C61-9C13-4651-9B3A-C6FCAA676C8F}"
EndProject
Project("{8BC9CEB8-8B4A-11D0-8D11-00A0C91BC942}") = "MassActionFluxProcess", "dmprj\MassActionFluxProcess\MassActionFluxProcess.vcproj", "{D0DF6F57-B1C9-4B7E-A873-6F0A97C744DD}"
EndProject
Project("{8BC9CEB8-8B4A-11D0-8D11-00A0C91BC942}") = "ODE23Stepper", "dmprj\ODE23Stepper\ODE23Stepper.vcproj", "{DEBF4004-E368-4D03-9950-E010669A3C58}"
EndProject
Project("{8BC9CEB8-8B4A-11D0-8D11-00A0C91BC942}") = "ODE45Stepper", "dmprj\ODE45Stepper\ODE45Stepper.vcproj", "{231B558D-4EA1-4FCE-ABA8-CF624074CABA}"
EndProject
Project("{8BC9CEB8-8B4A-11D0-8D11-00A0C91BC942}") = "ODEStepper", "dmprj\ODEStepper\ODEStepper.vcproj", "{0D4121C6-AC84-425F-BC18-D81ACA3F2D2F}"
EndProject
Project("{8BC9CEB8-8B4A-11D0-8D11-00A0C91BC942}") = "PingPongBiBiFluxProcess", "dmprj\PingPongBiBiFluxProcess\PingPongBiBiFluxProcess.vcproj", "{AECADA3E-58E8-4A0F-9644-C13D3C73A059}"
EndProject
Project("{8BC9CEB8-8B4A-11D0-8D11-00A0C91BC942}") = "PythonProcess", "dmprj\PythonProcess\PythonProcess.vcproj", "{424BF822-3B7A-44B5-A242-E7DE671D81AF}"
EndProject
Project("{8BC9CEB8-8B4A-11D0-8D11-00A0C91BC942}") = "QuasiDynamicFluxProcess", "dmprj\QuasiDynamicFluxProcess\QuasiDynamicFluxProcess.vcproj", "{3688E665-5657-4178-89C9-9B84FBDB2A41}"
EndProject
Project("{8BC9CEB8-8B4A-11D0-8D11-00A0C91BC942}") = "SSystemProcess", "dmprj\SSystemProcess\SSystemProcess.vcproj", "{D057D203-AB3F-4C64-8EB4-6B030926BC12}"
EndProject
Project("{8BC9CEB8-8B4A-11D0-8D11-00A0C91BC942}") = "TauLeapProcess", "dmprj\TauLeapProcess\TauLeapProcess.vcproj", "{00D2A69E-1867-4415-B98B-E8466DE83082}"
EndProject
Project("{8BC9CEB8-8B4A-11D0-8D11-00A0C91BC942}") = "TauLeapStepper", "dmprj\TauLeapStepper\TauLeapStepper.vcproj", "{FFD67ECB-0F3A-4958-80AD-CC22C350025F}"
EndProject
Global
	GlobalSection(SourceCodeControl) = preSolution
		SccNumberOfProjects = 47
		SccProjectUniqueName0 = ecell\\libecs\\libecs.vcproj
		SccProjectName0 = \u0022$/ecell-3.1.105.root/ecell-3.1.105\u0022,\u0020DBGAAAAA
		SccLocalPath0 = .
		SccProvider0 = MSSCCI:Microsoft\u0020Visual\u0020SourceSafe
		SccProjectFilePathRelativizedFromConnection0 = ecell\\libecs\\
		SccProjectUniqueName1 = dmprj\\FixedODE1Stepper\\FixedODE1Stepper.vcproj
		SccProjectTopLevelParentUniqueName1 = ecell-3.1.105.sln
		SccProjectName1 = \u0022$/ecell-3.1.105.root/ecell-3.1.105\u0022,\u0020DBGAAAAA
		SccLocalPath1 = .
		SccProvider1 = MSSCCI:Microsoft\u0020Visual\u0020SourceSafe
		SccProjectFilePathRelativizedFromConnection1 = dmprj\\FixedODE1Stepper\\
		SccProjectUniqueName2 = dmprj\\MichaelisUniUniFluxProcess\\MichaelisUniUniFluxProcess.vcproj
		SccProjectTopLevelParentUniqueName2 = ecell-3.1.105.sln
		SccProjectName2 = \u0022$/ecell-3.1.105.root/ecell-3.1.105\u0022,\u0020DBGAAAAA
		SccLocalPath2 = .
		SccProvider2 = MSSCCI:Microsoft\u0020Visual\u0020SourceSafe
		SccProjectFilePathRelativizedFromConnection2 = dmprj\\MichaelisUniUniFluxProcess\\
		SccProjectUniqueName3 = dmprj\\Algebraic1Process\\Algebraic1Process.vcproj
		SccProjectTopLevelParentUniqueName3 = ecell-3.1.105.sln
		SccProjectName3 = \u0022$/ecell-3.1.105.root/ecell-3.1.105\u0022,\u0020DBGAAAAA
		SccLocalPath3 = .
		SccProvider3 = MSSCCI:Microsoft\u0020Visual\u0020SourceSafe
		SccProjectFilePathRelativizedFromConnection3 = dmprj\\Algebraic1Process\\
		SccProjectUniqueName4 = dmprj\\Algebraic2Process\\Algebraic2Process.vcproj
		SccProjectTopLevelParentUniqueName4 = ecell-3.1.105.sln
		SccProjectName4 = \u0022$/ecell-3.1.105.root/ecell-3.1.105\u0022,\u0020DBGAAAAA
		SccLocalPath4 = .
		SccProvider4 = MSSCCI:Microsoft\u0020Visual\u0020SourceSafe
		SccProjectFilePathRelativizedFromConnection4 = dmprj\\Algebraic2Process\\
		SccProjectUniqueName5 = dmprj\\Algebraic3Process\\Algebraic3Process.vcproj
		SccProjectTopLevelParentUniqueName5 = ecell-3.1.105.sln
		SccProjectName5 = \u0022$/ecell-3.1.105.root/ecell-3.1.105\u0022,\u0020DBGAAAAA
		SccLocalPath5 = .
		SccProvider5 = MSSCCI:Microsoft\u0020Visual\u0020SourceSafe
		SccProjectFilePathRelativizedFromConnection5 = dmprj\\Algebraic3Process\\
		SccProjectUniqueName6 = dmprj\\ConstantFluxProcess\\ConstantFluxProcess.vcproj
		SccProjectTopLevelParentUniqueName6 = ecell-3.1.105.sln
		SccProjectName6 = \u0022$/ecell-3.1.105.root/ecell-3.1.105\u0022,\u0020DBGAAAAA
		SccLocalPath6 = .
		SccProvider6 = MSSCCI:Microsoft\u0020Visual\u0020SourceSafe
		SccProjectFilePathRelativizedFromConnection6 = dmprj\\ConstantFluxProcess\\
		SccProjectUniqueName7 = dmprj\\DAEStepper\\DAEStepper.vcproj
		SccProjectTopLevelParentUniqueName7 = ecell-3.1.105.sln
		SccProjectName7 = \u0022$/ecell-3.1.105.root/ecell-3.1.105\u0022,\u0020DBGAAAAA
		SccLocalPath7 = .
		SccProvider7 = MSSCCI:Microsoft\u0020Visual\u0020SourceSafe
		SccProjectFilePathRelativizedFromConnection7 = dmprj\\DAEStepper\\
		SccProjectUniqueName8 = dmprj\\DecayFluxProcess\\DecayFluxProcess.vcproj
		SccProjectTopLevelParentUniqueName8 = ecell-3.1.105.sln
		SccProjectName8 = \u0022$/ecell-3.1.105.root/ecell-3.1.105\u0022,\u0020DBGAAAAA
		SccLocalPath8 = .
		SccProvider8 = MSSCCI:Microsoft\u0020Visual\u0020SourceSafe
		SccProjectFilePathRelativizedFromConnection8 = dmprj\\DecayFluxProcess\\
		SccProjectUniqueName9 = dmprj\\Differential1Process\\Differential1Process.vcproj
		SccProjectTopLevelParentUniqueName9 = ecell-3.1.105.sln
		SccProjectName9 = \u0022$/ecell-3.1.105.root/ecell-3.1.105\u0022,\u0020DBGAAAAA
		SccLocalPath9 = .
		SccProvider9 = MSSCCI:Microsoft\u0020Visual\u0020SourceSafe
		SccProjectFilePathRelativizedFromConnection9 = dmprj\\Differential1Process\\
		SccProjectUniqueName10 = dmprj\\Differential2Process\\Differential2Process.vcproj
		SccProjectTopLevelParentUniqueName10 = ecell-3.1.105.sln
		SccProjectName10 = \u0022$/ecell-3.1.105.root/ecell-3.1.105\u0022,\u0020DBGAAAAA
		SccLocalPath10 = .
		SccProvider10 = MSSCCI:Microsoft\u0020Visual\u0020SourceSafe
		SccProjectFilePathRelativizedFromConnection10 = dmprj\\Differential2Process\\
		SccProjectUniqueName11 = dmprj\\ESSYNSStepper\\ESSYNSStepper.vcproj
		SccProjectTopLevelParentUniqueName11 = ecell-3.1.105.sln
		SccProjectName11 = \u0022$/ecell-3.1.105.root/ecell-3.1.105\u0022,\u0020DBGAAAAA
		SccLocalPath11 = .
		SccProvider11 = MSSCCI:Microsoft\u0020Visual\u0020SourceSafe
		SccProjectFilePathRelativizedFromConnection11 = dmprj\\ESSYNSStepper\\
		SccProjectUniqueName12 = dmprj\\ExpressionAlgebraicProcess\\ExpressionAlgebraicProcess.vcproj
		SccProjectTopLevelParentUniqueName12 = ecell-3.1.105.sln
		SccProjectName12 = \u0022$/ecell-3.1.105.root/ecell-3.1.105\u0022,\u0020DBGAAAAA
		SccLocalPath12 = .
		SccProvider12 = MSSCCI:Microsoft\u0020Visual\u0020SourceSafe
		SccProjectFilePathRelativizedFromConnection12 = dmprj\\ExpressionAlgebraicProcess\\
		SccProjectUniqueName13 = dmprj\\ExpressionAssignmentProcess\\ExpressionAssignmentProcess.vcproj
		SccProjectTopLevelParentUniqueName13 = ecell-3.1.105.sln
		SccProjectName13 = \u0022$/ecell-3.1.105.root/ecell-3.1.105\u0022,\u0020DBGAAAAA
		SccLocalPath13 = .
		SccProvider13 = MSSCCI:Microsoft\u0020Visual\u0020SourceSafe
		SccProjectFilePathRelativizedFromConnection13 = dmprj\\ExpressionAssignmentProcess\\
		SccProjectUniqueName14 = dmprj\\ExpressionFluxProcess\\ExpressionFluxProcess.vcproj
		SccProjectTopLevelParentUniqueName14 = ecell-3.1.105.sln
		SccProjectName14 = \u0022$/ecell-3.1.105.root/ecell-3.1.105\u0022,\u0020DBGAAAAA
		SccLocalPath14 = .
		SccProvider14 = MSSCCI:Microsoft\u0020Visual\u0020SourceSafe
		SccProjectFilePathRelativizedFromConnection14 = dmprj\\ExpressionFluxProcess\\
		SccProjectUniqueName15 = dmprj\\FixedDAE1Stepper\\FixedDAE1Stepper.vcproj
		SccProjectTopLevelParentUniqueName15 = ecell-3.1.105.sln
		SccProjectName15 = \u0022$/ecell-3.1.105.root/ecell-3.1.105\u0022,\u0020DBGAAAAA
		SccLocalPath15 = .
		SccProvider15 = MSSCCI:Microsoft\u0020Visual\u0020SourceSafe
		SccProjectFilePathRelativizedFromConnection15 = dmprj\\FixedDAE1Stepper\\
		SccProjectUniqueName16 = dmprj\\FluxDistributionStepper\\FluxDistributionStepper.vcproj
		SccProjectTopLevelParentUniqueName16 = ecell-3.1.105.sln
		SccProjectName16 = \u0022$/ecell-3.1.105.root/ecell-3.1.105\u0022,\u0020DBGAAAAA
		SccLocalPath16 = .
		SccProvider16 = MSSCCI:Microsoft\u0020Visual\u0020SourceSafe
		SccProjectFilePathRelativizedFromConnection16 = dmprj\\FluxDistributionStepper\\
		SccProjectUniqueName17 = dmprj\\FM1Process\\FM1Process.vcproj
		SccProjectTopLevelParentUniqueName17 = ecell-3.1.105.sln
		SccProjectName17 = \u0022$/ecell-3.1.105.root/ecell-3.1.105\u0022,\u0020DBGAAAAA
		SccLocalPath17 = .
		SccProvider17 = MSSCCI:Microsoft\u0020Visual\u0020SourceSafe
		SccProjectFilePathRelativizedFromConnection17 = dmprj\\FM1Process\\
		SccProjectUniqueName18 = dmprj\\FM2Process\\FM2Process.vcproj
		SccProjectTopLevelParentUniqueName18 = ecell-3.1.105.sln
		SccProjectName18 = \u0022$/ecell-3.1.105.root/ecell-3.1.105\u0022,\u0020DBGAAAAA
		SccLocalPath18 = .
		SccProvider18 = MSSCCI:Microsoft\u0020Visual\u0020SourceSafe
		SccProjectFilePathRelativizedFromConnection18 = dmprj\\FM2Process\\
		SccProjectUniqueName19 = dmprj\\FOProcess\\FOProcess.vcproj
		SccProjectTopLevelParentUniqueName19 = ecell-3.1.105.sln
		SccProjectName19 = \u0022$/ecell-3.1.105.root/ecell-3.1.105\u0022,\u0020DBGAAAAA
		SccLocalPath19 = .
		SccProvider19 = MSSCCI:Microsoft\u0020Visual\u0020SourceSafe
		SccProjectFilePathRelativizedFromConnection19 = dmprj\\FOProcess\\
		SccProjectUniqueName20 = dmprj\\FP01Process\\FP01Process.vcproj
		SccProjectTopLevelParentUniqueName20 = ecell-3.1.105.sln
		SccProjectName20 = \u0022$/ecell-3.1.105.root/ecell-3.1.105\u0022,\u0020DBGAAAAA
		SccLocalPath20 = .
		SccProvider20 = MSSCCI:Microsoft\u0020Visual\u0020SourceSafe
		SccProjectFilePathRelativizedFromConnection20 = dmprj\\FP01Process\\
		SccProjectUniqueName21 = dmprj\\FP02Process\\FP02Process.vcproj
		SccProjectTopLevelParentUniqueName21 = ecell-3.1.105.sln
		SccProjectName21 = \u0022$/ecell-3.1.105.root/ecell-3.1.105\u0022,\u0020DBGAAAAA
		SccLocalPath21 = .
		SccProvider21 = MSSCCI:Microsoft\u0020Visual\u0020SourceSafe
		SccProjectFilePathRelativizedFromConnection21 = dmprj\\FP02Process\\
		SccProjectUniqueName22 = dmprj\\FP03Process\\FP03Process.vcproj
		SccProjectTopLevelParentUniqueName22 = ecell-3.1.105.sln
		SccProjectName22 = \u0022$/ecell-3.1.105.root/ecell-3.1.105\u0022,\u0020DBGAAAAA
		SccLocalPath22 = .
		SccProvider22 = MSSCCI:Microsoft\u0020Visual\u0020SourceSafe
		SccProjectFilePathRelativizedFromConnection22 = dmprj\\FP03Process\\
		SccProjectUniqueName23 = dmprj\\FP11Process\\FP11Process.vcproj
		SccProjectTopLevelParentUniqueName23 = ecell-3.1.105.sln
		SccProjectName23 = \u0022$/ecell-3.1.105.root/ecell-3.1.105\u0022,\u0020DBGAAAAA
		SccLocalPath23 = .
		SccProvider23 = MSSCCI:Microsoft\u0020Visual\u0020SourceSafe
		SccProjectFilePathRelativizedFromConnection23 = dmprj\\FP11Process\\
		SccProjectUniqueName24 = dmprj\\FP12Process\\FP12Process.vcproj
		SccProjectTopLevelParentUniqueName24 = ecell-3.1.105.sln
		SccProjectName24 = \u0022$/ecell-3.1.105.root/ecell-3.1.105\u0022,\u0020DBGAAAAA
		SccLocalPath24 = .
		SccProvider24 = MSSCCI:Microsoft\u0020Visual\u0020SourceSafe
		SccProjectFilePathRelativizedFromConnection24 = dmprj\\FP12Process\\
		SccProjectUniqueName25 = dmprj\\FP13Process\\FP13Process.vcproj
		SccProjectTopLevelParentUniqueName25 = ecell-3.1.105.sln
		SccProjectName25 = \u0022$/ecell-3.1.105.root/ecell-3.1.105\u0022,\u0020DBGAAAAA
		SccLocalPath25 = .
		SccProvider25 = MSSCCI:Microsoft\u0020Visual\u0020SourceSafe
		SccProjectFilePathRelativizedFromConnection25 = dmprj\\FP13Process\\
		SccProjectUniqueName26 = dmprj\\FP14Process\\FP14Process.vcproj
		SccProjectTopLevelParentUniqueName26 = ecell-3.1.105.sln
		SccProjectName26 = \u0022$/ecell-3.1.105.root/ecell-3.1.105\u0022,\u0020DBGAAAAA
		SccLocalPath26 = .
		SccProvider26 = MSSCCI:Microsoft\u0020Visual\u0020SourceSafe
		SccProjectFilePathRelativizedFromConnection26 = dmprj\\FP14Process\\
		SccProjectUniqueName27 = dmprj\\FP21Process\\FP21Process.vcproj
		SccProjectTopLevelParentUniqueName27 = ecell-3.1.105.sln
		SccProjectName27 = \u0022$/ecell-3.1.105.root/ecell-3.1.105\u0022,\u0020DBGAAAAA
		SccLocalPath27 = .
		SccProvider27 = MSSCCI:Microsoft\u0020Visual\u0020SourceSafe
		SccProjectFilePathRelativizedFromConnection27 = dmprj\\FP21Process\\
		SccProjectUniqueName28 = dmprj\\FP22Process\\FP22Process.vcproj
		SccProjectTopLevelParentUniqueName28 = ecell-3.1.105.sln
		SccProjectName28 = \u0022$/ecell-3.1.105.root/ecell-3.1.105\u0022,\u0020DBGAAAAA
		SccLocalPath28 = .
		SccProvider28 = MSSCCI:Microsoft\u0020Visual\u0020SourceSafe
		SccProjectFilePathRelativizedFromConnection28 = dmprj\\FP22Process\\
		SccProjectUniqueName29 = dmprj\\FP23Process\\FP23Process.vcproj
		SccProjectTopLevelParentUniqueName29 = ecell-3.1.105.sln
		SccProjectName29 = \u0022$/ecell-3.1.105.root/ecell-3.1.105\u0022,\u0020DBGAAAAA
		SccLocalPath29 = .
		SccProvider29 = MSSCCI:Microsoft\u0020Visual\u0020SourceSafe
		SccProjectFilePathRelativizedFromConnection29 = dmprj\\FP23Process\\
		SccProjectUniqueName30 = dmprj\\FP24Process\\FP24Process.vcproj
		SccProjectTopLevelParentUniqueName30 = ecell-3.1.105.sln
		SccProjectName30 = \u0022$/ecell-3.1.105.root/ecell-3.1.105\u0022,\u0020DBGAAAAA
		SccLocalPath30 = .
		SccProvider30 = MSSCCI:Microsoft\u0020Visual\u0020SourceSafe
		SccProjectFilePathRelativizedFromConnection30 = dmprj\\FP24Process\\
		SccProjectUniqueName31 = dmprj\\FP25Process\\FP25Process.vcproj
		SccProjectTopLevelParentUniqueName31 = ecell-3.1.105.sln
		SccProjectName31 = \u0022$/ecell-3.1.105.root/ecell-3.1.105\u0022,\u0020DBGAAAAA
		SccLocalPath31 = .
		SccProvider31 = MSSCCI:Microsoft\u0020Visual\u0020SourceSafe
		SccProjectFilePathRelativizedFromConnection31 = dmprj\\FP25Process\\
		SccProjectUniqueName32 = dmprj\\FPn1Process\\FPn1Process.vcproj
		SccProjectTopLevelParentUniqueName32 = ecell-3.1.105.sln
		SccProjectName32 = \u0022$/ecell-3.1.105.root/ecell-3.1.105\u0022,\u0020DBGAAAAA
		SccLocalPath32 = .
		SccProvider32 = MSSCCI:Microsoft\u0020Visual\u0020SourceSafe
		SccProjectFilePathRelativizedFromConnection32 = dmprj\\FPn1Process\\
		SccProjectUniqueName33 = dmprj\\FPn2Process\\FPn2Process.vcproj
		SccProjectTopLevelParentUniqueName33 = ecell-3.1.105.sln
		SccProjectName33 = \u0022$/ecell-3.1.105.root/ecell-3.1.105\u0022,\u0020DBGAAAAA
		SccLocalPath33 = .
		SccProvider33 = MSSCCI:Microsoft\u0020Visual\u0020SourceSafe
		SccProjectFilePathRelativizedFromConnection33 = dmprj\\FPn2Process\\
		SccProjectUniqueName34 = dmprj\\GillespieProcess\\GillespieProcess.vcproj
		SccProjectTopLevelParentUniqueName34 = ecell-3.1.105.sln
		SccProjectName34 = \u0022$/ecell-3.1.105.root/ecell-3.1.105\u0022,\u0020DBGAAAAA
		SccLocalPath34 = .
		SccProvider34 = MSSCCI:Microsoft\u0020Visual\u0020SourceSafe
		SccProjectFilePathRelativizedFromConnection34 = dmprj\\GillespieProcess\\
		SccProjectUniqueName35 = dmprj\\GMAProcess\\GMAProcess.vcproj
		SccProjectTopLevelParentUniqueName35 = ecell-3.1.105.sln
		SccProjectName35 = \u0022$/ecell-3.1.105.root/ecell-3.1.105\u0022,\u0020DBGAAAAA
		SccLocalPath35 = .
		SccProvider35 = MSSCCI:Microsoft\u0020Visual\u0020SourceSafe
		SccProjectFilePathRelativizedFromConnection35 = dmprj\\GMAProcess\\
		SccProjectUniqueName36 = dmprj\\MakesignalProcess\\MakesignalProcess.vcproj
		SccProjectTopLevelParentUniqueName36 = ecell-3.1.105.sln
		SccProjectName36 = \u0022$/ecell-3.1.105.root/ecell-3.1.105\u0022,\u0020DBGAAAAA
		SccLocalPath36 = .
		SccProvider36 = MSSCCI:Microsoft\u0020Visual\u0020SourceSafe
		SccProjectFilePathRelativizedFromConnection36 = dmprj\\MakesignalProcess\\
		SccProjectUniqueName37 = dmprj\\MassActionFluxProcess\\MassActionFluxProcess.vcproj
		SccProjectTopLevelParentUniqueName37 = ecell-3.1.105.sln
		SccProjectName37 = \u0022$/ecell-3.1.105.root/ecell-3.1.105\u0022,\u0020DBGAAAAA
		SccLocalPath37 = .
		SccProvider37 = MSSCCI:Microsoft\u0020Visual\u0020SourceSafe
		SccProjectFilePathRelativizedFromConnection37 = dmprj\\MassActionFluxProcess\\
		SccProjectUniqueName38 = dmprj\\ODE23Stepper\\ODE23Stepper.vcproj
		SccProjectTopLevelParentUniqueName38 = ecell-3.1.105.sln
		SccProjectName38 = \u0022$/ecell-3.1.105.root/ecell-3.1.105\u0022,\u0020DBGAAAAA
		SccLocalPath38 = .
		SccProvider38 = MSSCCI:Microsoft\u0020Visual\u0020SourceSafe
		SccProjectFilePathRelativizedFromConnection38 = dmprj\\ODE23Stepper\\
		SccProjectUniqueName39 = dmprj\\ODE45Stepper\\ODE45Stepper.vcproj
		SccProjectTopLevelParentUniqueName39 = ecell-3.1.105.sln
		SccProjectName39 = \u0022$/ecell-3.1.105.root/ecell-3.1.105\u0022,\u0020DBGAAAAA
		SccLocalPath39 = .
		SccProvider39 = MSSCCI:Microsoft\u0020Visual\u0020SourceSafe
		SccProjectFilePathRelativizedFromConnection39 = dmprj\\ODE45Stepper\\
		SccProjectUniqueName40 = dmprj\\ODEStepper\\ODEStepper.vcproj
		SccProjectTopLevelParentUniqueName40 = ecell-3.1.105.sln
		SccProjectName40 = \u0022$/ecell-3.1.105.root/ecell-3.1.105\u0022,\u0020DBGAAAAA
		SccLocalPath40 = .
		SccProvider40 = MSSCCI:Microsoft\u0020Visual\u0020SourceSafe
		SccProjectFilePathRelativizedFromConnection40 = dmprj\\ODEStepper\\
		SccProjectUniqueName41 = dmprj\\PingPongBiBiFluxProcess\\PingPongBiBiFluxProcess.vcproj
		SccProjectTopLevelParentUniqueName41 = ecell-3.1.105.sln
		SccProjectName41 = \u0022$/ecell-3.1.105.root/ecell-3.1.105\u0022,\u0020DBGAAAAA
		SccLocalPath41 = .
		SccProvider41 = MSSCCI:Microsoft\u0020Visual\u0020SourceSafe
		SccProjectFilePathRelativizedFromConnection41 = dmprj\\PingPongBiBiFluxProcess\\
		SccProjectUniqueName42 = dmprj\\PythonProcess\\PythonProcess.vcproj
		SccProjectTopLevelParentUniqueName42 = ecell-3.1.105.sln
		SccProjectName42 = \u0022$/ecell-3.1.105.root/ecell-3.1.105\u0022,\u0020DBGAAAAA
		SccLocalPath42 = .
		SccProvider42 = MSSCCI:Microsoft\u0020Visual\u0020SourceSafe
		SccProjectFilePathRelativizedFromConnection42 = dmprj\\PythonProcess\\
		SccProjectUniqueName43 = dmprj\\QuasiDynamicFluxProcess\\QuasiDynamicFluxProcess.vcproj
		SccProjectTopLevelParentUniqueName43 = ecell-3.1.105.sln
		SccProjectName43 = \u0022$/ecell-3.1.105.root/ecell-3.1.105\u0022,\u0020DBGAAAAA
		SccLocalPath43 = .
		SccProvider43 = MSSCCI:Microsoft\u0020Visual\u0020SourceSafe
		SccProjectFilePathRelativizedFromConnection43 = dmprj\\QuasiDynamicFluxProcess\\
		SccProjectUniqueName44 = dmprj\\SSystemProcess\\SSystemProcess.vcproj
		SccProjectTopLevelParentUniqueName44 = ecell-3.1.105.sln
		SccProjectName44 = \u0022$/ecell-3.1.105.root/ecell-3.1.105\u0022,\u0020DBGAAAAA
		SccLocalPath44 = .
		SccProvider44 = MSSCCI:Microsoft\u0020Visual\u0020SourceSafe
		SccProjectFilePathRelativizedFromConnection44 = dmprj\\SSystemProcess\\
		SccProjectUniqueName45 = dmprj\\TauLeapProcess\\TauLeapProcess.vcproj
		SccProjectTopLevelParentUniqueName45 = ecell-3.1.105.sln
		SccProjectName45 = \u0022$/ecell-3.1.105.root/ecell-3.1.105\u0022,\u0020DBGAAAAA
		SccLocalPath45 = .
		SccProvider45 = MSSCCI:Microsoft\u0020Visual\u0020SourceSafe
		SccProjectFilePathRelativizedFromConnection45 = dmprj\\TauLeapProcess\\
		SccProjectUniqueName46 = dmprj\\TauLeapStepper\\TauLeapStepper.vcproj
		SccProjectTopLevelParentUniqueName46 = ecell-3.1.105.sln
		SccProjectName46 = \u0022$/ecell-3.1.105.root/ecell-3.1.105\u0022,\u0020DBGAAAAA
		SccLocalPath46 = .
		SccProvider46 = MSSCCI:Microsoft\u0020Visual\u0020SourceSafe
		SccProjectFilePathRelativizedFromConnection46 = dmprj\\TauLeapStepper\\
	EndGlobalSection
	GlobalSection(SolutionConfigurationPlatforms) = preSolution
		Debug|Win32 = Debug|Win32
		Release|Win32 = Release|Win32
	EndGlobalSection
	GlobalSection(ProjectConfigurationPlatforms) = postSolution
		{9802C0A5-0F16-40C0-84FA-2101E70655FA}.Debug|Win32.ActiveCfg = Debug|Win32
		{9802C0A5-0F16-40C0-84FA-2101E70655FA}.Debug|Win32.Build.0 = Debug|Win32
		{9802C0A5-0F16-40C0-84FA-2101E70655FA}.Release|Win32.ActiveCfg = Release|Win32
		{9802C0A5-0F16-40C0-84FA-2101E70655FA}.Release|Win32.Build.0 = Release|Win32
		{43456F03-B80C-4977-A84B-6C2A8623A716}.Debug|Win32.ActiveCfg = Debug|Win32
		{43456F03-B80C-4977-A84B-6C2A8623A716}.Debug|Win32.Build.0 = Debug|Win32
		{43456F03-B80C-4977-A84B-6C2A8623A716}.Release|Win32.ActiveCfg = Release|Win32
		{43456F03-B80C-4977-A84B-6C2A8623A716}.Release|Win32.Build.0 = Release|Win32
		{89FB2200-D16C-45F6-BE4E-93E501BE5CE4}.Debug|Win32.ActiveCfg = Debug|Win32
		{89FB2200-D16C-45F6-BE4E-93E501BE5CE4}.Debug|Win32.Build.0 = Debug|Win32
		{89FB2200-D16C-45F6-BE4E-93E501BE5CE4}.Release|Win32.ActiveCfg = Release|Win32
		{89FB2200-D16C-45F6-BE4E-93E501BE5CE4}.Release|Win32.Build.0 = Release|Win32
		{9C7CCEA2-51CF-4405-9DD6-7EEDDE76F133}.Debug|Win32.ActiveCfg = Debug|Win32
		{9C7CCEA2-51CF-4405-9DD6-7EEDDE76F133}.Debug|Win32.Build.0 = Debug|Win32
		{9C7CCEA2-51CF-4405-9DD6-7EEDDE76F133}.Release|Win32.ActiveCfg = Release|Win32
		{9C7CCEA2-51CF-4405-9DD6-7EEDDE76F133}.Release|Win32.Build.0 = Release|Win32
		{B29ABB07-BD7A-43BB-AABF-A29C036D7479}.Debug|Win32.ActiveCfg = Debug|Win32
		{B29ABB07-BD7A-43BB-AABF-A29C036D7479}.Debug|Win32.Build.0 = Debug|Win32
		{B29ABB07-BD7A-43BB-AABF-A29C036D7479}.Release|Win32.ActiveCfg = Release|Win32
		{B29ABB07-BD7A-43BB-AABF-A29C036D7479}.Release|Win32.Build.0 = Release|Win32
		{0CCB2919-15AD-42BD-B839-87145CD73AA2}.Debug|Win32.ActiveCfg = Debug|Win32
		{0CCB2919-15AD-42BD-B839-87145CD73AA2}.Debug|Win32.Build.0 = Debug|Win32
		{0CCB2919-15AD-42BD-B839-87145CD73AA2}.Release|Win32.ActiveCfg = Release|Win32
		{0CCB2919-15AD-42BD-B839-87145CD73AA2}.Release|Win32.Build.0 = Release|Win32
		{C208E49E-A49D-4BA4-BA51-93CB64DA342C}.Debug|Win32.ActiveCfg = Debug|Win32
		{C208E49E-A49D-4BA4-BA51-93CB64DA342C}.Debug|Win32.Build.0 = Debug|Win32
		{C208E49E-A49D-4BA4-BA51-93CB64DA342C}.Release|Win32.ActiveCfg = Release|Win32
		{C208E49E-A49D-4BA4-BA51-93CB64DA342C}.Release|Win32.Build.0 = Release|Win32
		{8673B2B0-497C-4519-9E4C-531E9355F0EE}.Debug|Win32.ActiveCfg = Debug|Win32
		{8673B2B0-497C-4519-9E4C-531E9355F0EE}.Debug|Win32.Build.0 = Debug|Win32
		{8673B2B0-497C-4519-9E4C-531E9355F0EE}.Release|Win32.ActiveCfg = Release|Win32
		{8673B2B0-497C-4519-9E4C-531E9355F0EE}.Release|Win32.Build.0 = Release|Win32
		{E59EA753-F09C-4250-BB74-EF517F597389}.Debug|Win32.ActiveCfg = Debug|Win32
		{E59EA753-F09C-4250-BB74-EF517F597389}.Debug|Win32.Build.0 = Debug|Win32
		{E59EA753-F09C-4250-BB74-EF517F597389}.Release|Win32.ActiveCfg = Release|Win32
		{E59EA753-F09C-4250-BB74-EF517F597389}.Release|Win32.Build.0 = Release|Win32
		{2C10C39C-AA49-4C59-ABAE-AE084E253387}.Debug|Win32.ActiveCfg = Debug|Win32
		{2C10C39C-AA49-4C59-ABAE-AE084E253387}.Debug|Win32.Build.0 = Debug|Win32
		{2C10C39C-AA49-4C59-ABAE-AE084E253387}.Release|Win32.ActiveCfg = Release|Win32
		{2C10C39C-AA49-4C59-ABAE-AE084E253387}.Release|Win32.Build.0 = Release|Win32
		{4FDE9C90-8951-4ED7-9716-E59C29C9D93A}.Debug|Win32.ActiveCfg = Debug|Win32
		{4FDE9C90-8951-4ED7-9716-E59C29C9D93A}.Debug|Win32.Build.0 = Debug|Win32
		{4FDE9C90-8951-4ED7-9716-E59C29C9D93A}.Release|Win32.ActiveCfg = Release|Win32
		{4FDE9C90-8951-4ED7-9716-E59C29C9D93A}.Release|Win32.Build.0 = Release|Win32
		{A6DEFA33-235F-4FC6-9071-3F1902191063}.Debug|Win32.ActiveCfg = Debug|Win32
		{A6DEFA33-235F-4FC6-9071-3F1902191063}.Debug|Win32.Build.0 = Debug|Win32
		{A6DEFA33-235F-4FC6-9071-3F1902191063}.Release|Win32.ActiveCfg = Release|Win32
		{A6DEFA33-235F-4FC6-9071-3F1902191063}.Release|Win32.Build.0 = Release|Win32
		{1FA39388-4C86-445C-BE84-420EBF3379E9}.Debug|Win32.ActiveCfg = Debug|Win32
		{1FA39388-4C86-445C-BE84-420EBF3379E9}.Debug|Win32.Build.0 = Debug|Win32
		{1FA39388-4C86-445C-BE84-420EBF3379E9}.Release|Win32.ActiveCfg = Release|Win32
		{1FA39388-4C86-445C-BE84-420EBF3379E9}.Release|Win32.Build.0 = Release|Win32
		{1188F503-48E7-4699-8828-7884098129F1}.Debug|Win32.ActiveCfg = Debug|Win32
		{1188F503-48E7-4699-8828-7884098129F1}.Debug|Win32.Build.0 = Debug|Win32
		{1188F503-48E7-4699-8828-7884098129F1}.Release|Win32.ActiveCfg = Release|Win32
		{1188F503-48E7-4699-8828-7884098129F1}.Release|Win32.Build.0 = Release|Win32
		{B0778D8D-0253-4768-8A01-E1E1547A07E1}.Debug|Win32.ActiveCfg = Debug|Win32
		{B0778D8D-0253-4768-8A01-E1E1547A07E1}.Debug|Win32.Build.0 = Debug|Win32
		{B0778D8D-0253-4768-8A01-E1E1547A07E1}.Release|Win32.ActiveCfg = Release|Win32
		{B0778D8D-0253-4768-8A01-E1E1547A07E1}.Release|Win32.Build.0 = Release|Win32
		{76FF41A6-ABEF-4029-92B6-EF3029F95827}.Debug|Win32.ActiveCfg = Debug|Win32
		{76FF41A6-ABEF-4029-92B6-EF3029F95827}.Debug|Win32.Build.0 = Debug|Win32
		{76FF41A6-ABEF-4029-92B6-EF3029F95827}.Release|Win32.ActiveCfg = Release|Win32
		{76FF41A6-ABEF-4029-92B6-EF3029F95827}.Release|Win32.Build.0 = Release|Win32
		{62CD735F-A804-4F86-8C48-54F433AE4AD9}.Debug|Win32.ActiveCfg = Debug|Win32
		{62CD735F-A804-4F86-8C48-54F433AE4AD9}.Debug|Win32.Build.0 = Debug|Win32
		{62CD735F-A804-4F86-8C48-54F433AE4AD9}.Release|Win32.ActiveCfg = Release|Win32
		{62CD735F-A804-4F86-8C48-54F433AE4AD9}.Release|Win32.Build.0 = Release|Win32
		{1C1D2730-FA4E-4947-84AB-987C2770AAFC}.Debug|Win32.ActiveCfg = Debug|Win32
		{1C1D2730-FA4E-4947-84AB-987C2770AAFC}.Debug|Win32.Build.0 = Debug|Win32
		{1C1D2730-FA4E-4947-84AB-987C2770AAFC}.Release|Win32.ActiveCfg = Release|Win32
		{1C1D2730-FA4E-4947-84AB-987C2770AAFC}.Release|Win32.Build.0 = Release|Win32
		{7438A7F1-EEE4-4E85-95C4-9365DA627E42}.Debug|Win32.ActiveCfg = Debug|Win32
		{7438A7F1-EEE4-4E85-95C4-9365DA627E42}.Debug|Win32.Build.0 = Debug|Win32
		{7438A7F1-EEE4-4E85-95C4-9365DA627E42}.Release|Win32.ActiveCfg = Release|Win32
		{7438A7F1-EEE4-4E85-95C4-9365DA627E42}.Release|Win32.Build.0 = Release|Win32
		{80F1CECC-6906-4147-AF7C-6629977A215D}.Debug|Win32.ActiveCfg = Debug|Win32
		{80F1CECC-6906-4147-AF7C-6629977A215D}.Debug|Win32.Build.0 = Debug|Win32
		{80F1CECC-6906-4147-AF7C-6629977A215D}.Release|Win32.ActiveCfg = Release|Win32
		{80F1CECC-6906-4147-AF7C-6629977A215D}.Release|Win32.Build.0 = Release|Win32
		{CEF26026-A1F5-4923-9DE4-DBFBFBC809E9}.Debug|Win32.ActiveCfg = Debug|Win32
		{CEF26026-A1F5-4923-9DE4-DBFBFBC809E9}.Debug|Win32.Build.0 = Debug|Win32
		{CEF26026-A1F5-4923-9DE4-DBFBFBC809E9}.Release|Win32.ActiveCfg = Release|Win32
		{CEF26026-A1F5-4923-9DE4-DBFBFBC809E9}.Release|Win32.Build.0 = Release|Win32
		{B8FB58FC-9325-42ED-9B7B-8EB8AC9C2CBA}.Debug|Win32.ActiveCfg = Debug|Win32
		{B8FB58FC-9325-42ED-9B7B-8EB8AC9C2CBA}.Debug|Win32.Build.0 = Debug|Win32
		{B8FB58FC-9325-42ED-9B7B-8EB8AC9C2CBA}.Release|Win32.ActiveCfg = Release|Win32
		{B8FB58FC-9325-42ED-9B7B-8EB8AC9C2CBA}.Release|Win32.Build.0 = Release|Win32
		{7E7D8BD2-B904-48B7-84BA-955D2FC4B82E}.Debug|Win32.ActiveCfg = Debug|Win32
		{7E7D8BD2-B904-48B7-84BA-955D2FC4B82E}.Debug|Win32.Build.0 = Debug|Win32
		{7E7D8BD2-B904-48B7-84BA-955D2FC4B82E}.Release|Win32.ActiveCfg = Release|Win32
		{7E7D8BD2-B904-48B7-84BA-955D2FC4B82E}.Release|Win32.Build.0 = Release|Win32
		{5F3C8796-1FCE-4D99-9AD1-6F2EC60A1F75}.Debug|Win32.ActiveCfg = Debug|Win32
		{5F3C8796-1FCE-4D99-9AD1-6F2EC60A1F75}.Debug|Win32.Build.0 = Debug|Win32
		{5F3C8796-1FCE-4D99-9AD1-6F2EC60A1F75}.Release|Win32.ActiveCfg = Release|Win32
		{5F3C8796-1FCE-4D99-9AD1-6F2EC60A1F75}.Release|Win32.Build.0 = Release|Win32
		{00CC38E5-EB38-4470-AF55-90BFD287D49D}.Debug|Win32.ActiveCfg = Debug|Win32
		{00CC38E5-EB38-4470-AF55-90BFD287D49D}.Debug|Win32.Build.0 = Debug|Win32
		{00CC38E5-EB38-4470-AF55-90BFD287D49D}.Release|Win32.ActiveCfg = Release|Win32
		{00CC38E5-EB38-4470-AF55-90BFD287D49D}.Release|Win32.Build.0 = Release|Win32
		{889D6E9D-F0F0-4CE8-B5E2-06042BA3FBEF}.Debug|Win32.ActiveCfg = Debug|Win32
		{889D6E9D-F0F0-4CE8-B5E2-06042BA3FBEF}.Debug|Win32.Build.0 = Debug|Win32
		{889D6E9D-F0F0-4CE8-B5E2-06042BA3FBEF}.Release|Win32.ActiveCfg = Release|Win32
		{889D6E9D-F0F0-4CE8-B5E2-06042BA3FBEF}.Release|Win32.Build.0 = Release|Win32
		{68F847E8-6B3A-4F73-8EFB-EDE520A57A97}.Debug|Win32.ActiveCfg = Debug|Win32
		{68F847E8-6B3A-4F73-8EFB-EDE520A57A97}.Debug|Win32.Build.0 = Debug|Win32
		{68F847E8-6B3A-4F73-8EFB-EDE520A57A97}.Release|Win32.ActiveCfg = Release|Win32
		{68F847E8-6B3A-4F73-8EFB-EDE520A57A97}.Release|Win32.Build.0 = Release|Win32
		{A52131F7-C4CF-4D02-90B8-E77A9EBE4D57}.Debug|Win32.ActiveCfg = Debug|Win32
		{A52131F7-C4CF-4D02-90B8-E77A9EBE4D57}.Debug|Win32.Build.0 = Debug|Win32
		{A52131F7-C4CF-4D02-90B8-E77A9EBE4D57}.Release|Win32.ActiveCfg = Release|Win32
		{A52131F7-C4CF-4D02-90B8-E77A9EBE4D57}.Release|Win32.Build.0 = Release|Win32
		{23EFC7CB-3968-4913-BDC6-5244F73A1C04}.Debug|Win32.ActiveCfg = Debug|Win32
		{23EFC7CB-3968-4913-BDC6-5244F73A1C04}.Debug|Win32.Build.0 = Debug|Win32
		{23EFC7CB-3968-4913-BDC6-5244F73A1C04}.Release|Win32.ActiveCfg = Release|Win32
		{23EFC7CB-3968-4913-BDC6-5244F73A1C04}.Release|Win32.Build.0 = Release|Win32
		{CD2A5B43-4758-40E9-93F2-2967F470F392}.Debug|Win32.ActiveCfg = Debug|Win32
		{CD2A5B43-4758-40E9-93F2-2967F470F392}.Debug|Win32.Build.0 = Debug|Win32
		{CD2A5B43-4758-40E9-93F2-2967F470F392}.Release|Win32.ActiveCfg = Release|Win32
		{CD2A5B43-4758-40E9-93F2-2967F470F392}.Release|Win32.Build.0 = Release|Win32
		{447DB947-4F94-49E0-9873-A67BF9EBC18B}.Debug|Win32.ActiveCfg = Debug|Win32
		{447DB947-4F94-49E0-9873-A67BF9EBC18B}.Debug|Win32.Build.0 = Debug|Win32
		{447DB947-4F94-49E0-9873-A67BF9EBC18B}.Release|Win32.ActiveCfg = Release|Win32
		{447DB947-4F94-49E0-9873-A67BF9EBC18B}.Release|Win32.Build.0 = Release|Win32
		{27D23160-BAD9-4D62-BC15-2C79857BE296}.Debug|Win32.ActiveCfg = Debug|Win32
		{27D23160-BAD9-4D62-BC15-2C79857BE296}.Debug|Win32.Build.0 = Debug|Win32
		{27D23160-BAD9-4D62-BC15-2C79857BE296}.Release|Win32.ActiveCfg = Release|Win32
		{27D23160-BAD9-4D62-BC15-2C79857BE296}.Release|Win32.Build.0 = Release|Win32
		{2C114A5F-8168-40A0-AE39-6CC4876385D9}.Debug|Win32.ActiveCfg = Debug|Win32
		{2C114A5F-8168-40A0-AE39-6CC4876385D9}.Debug|Win32.Build.0 = Debug|Win32
		{2C114A5F-8168-40A0-AE39-6CC4876385D9}.Release|Win32.ActiveCfg = Release|Win32
		{2C114A5F-8168-40A0-AE39-6CC4876385D9}.Release|Win32.Build.0 = Release|Win32
		{EBEAE4D2-8994-457A-A521-EE9D199797A8}.Debug|Win32.ActiveCfg = Debug|Win32
		{EBEAE4D2-8994-457A-A521-EE9D199797A8}.Debug|Win32.Build.0 = Debug|Win32
		{EBEAE4D2-8994-457A-A521-EE9D199797A8}.Release|Win32.ActiveCfg = Release|Win32
		{EBEAE4D2-8994-457A-A521-EE9D199797A8}.Release|Win32.Build.0 = Release|Win32
		{DD9487BA-0AF5-46E3-B560-4A9A47154A18}.Debug|Win32.ActiveCfg = Debug|Win32
		{DD9487BA-0AF5-46E3-B560-4A9A47154A18}.Debug|Win32.Build.0 = Debug|Win32
		{DD9487BA-0AF5-46E3-B560-4A9A47154A18}.Release|Win32.ActiveCfg = Release|Win32
		{DD9487BA-0AF5-46E3-B560-4A9A47154A18}.Release|Win32.Build.0 = Release|Win32
		{F41302E1-9767-4DE1-A300-9A0AD5DC0403}.Debug|Win32.ActiveCfg = Debug|Win32
		{F41302E1-9767-4DE1-A300-9A0AD5DC0403}.Debug|Win32.Build.0 = Debug|Win32
		{F41302E1-9767-4DE1-A300-9A0AD5DC0403}.Release|Win32.ActiveCfg = Release|Win32
		{F41302E1-9767-4DE1-A300-9A0AD5DC0403}.Release|Win32.Build.0 = Release|Win32
		{CDE3DD91-7CF8-4EC9-A438-E17C0BD45A8E}.Debug|Win32.ActiveCfg = Debug|Win32
		{CDE3DD91-7CF8-4EC9-A438-E17C0BD45A8E}.Debug|Win32.Build.0 = Debug|Win32
		{CDE3DD91-7CF8-4EC9-A438-E17C0BD45A8E}.Release|Win32.ActiveCfg = Release|Win32
		{CDE3DD91-7CF8-4EC9-A438-E17C0BD45A8E}.Release|Win32.Build.0 = Release|Win32
		{00F2DB69-1C49-4CA4-8571-699E370D1400}.Debug|Win32.ActiveCfg = Debug|Win32
		{00F2DB69-1C49-4CA4-8571-699E370D1400}.Debug|Win32.Build.0 = Debug|Win32
		{00F2DB69-1C49-4CA4-8571-699E370D1400}.Release|Win32.ActiveCfg = Release|Win32
		{00F2DB69-1C49-4CA4-8571-699E370D1400}.Release|Win32.Build.0 = Release|Win32
		{F4244C61-9C13-4651-9B3A-C6FCAA676C8F}.Debug|Win32.ActiveCfg = Debug|Win32
		{F4244C61-9C13-4651-9B3A-C6FCAA676C8F}.Debug|Win32.Build.0 = Debug|Win32
		{F4244C61-9C13-4651-9B3A-C6FCAA676C8F}.Release|Win32.ActiveCfg = Release|Win32
		{F4244C61-9C13-4651-9B3A-C6FCAA676C8F}.Release|Win32.Build.0 = Release|Win32
		{D0DF6F57-B1C9-4B7E-A873-6F0A97C744DD}.Debug|Win32.ActiveCfg = Debug|Win32
		{D0DF6F57-B1C9-4B7E-A873-6F0A97C744DD}.Debug|Win32.Build.0 = Debug|Win32
		{D0DF6F57-B1C9-4B7E-A873-6F0A97C744DD}.Release|Win32.ActiveCfg = Release|Win32
		{D0DF6F57-B1C9-4B7E-A873-6F0A97C744DD}.Release|Win32.Build.0 = Release|Win32
		{DEBF4004-E368-4D03-9950-E010669A3C58}.Debug|Win32.ActiveCfg = Debug|Win32
		{DEBF4004-E368-4D03-9950-E010669A3C58}.Debug|Win32.Build.0 = Debug|Win32
		{DEBF4004-E368-4D03-9950-E010669A3C58}.Release|Win32.ActiveCfg = Release|Win32
		{DEBF4004-E368-4D03-9950-E010669A3C58}.Release|Win32.Build.0 = Release|Win32
		{231B558D-4EA1-4FCE-ABA8-CF624074CABA}.Debug|Win32.ActiveCfg = Debug|Win32
		{231B558D-4EA1-4FCE-ABA8-CF624074CABA}.Debug|Win32.Build.0 = Debug|Win32
		{231B558D-4EA1-4FCE-ABA8-CF624074CABA}.Release|Win32.ActiveCfg = Release|Win32
		{231B558D-4EA1-4FCE-ABA8-CF624074CABA}.Release|Win32.Build.0 = Release|Win32
		{0D4121C6-AC84-425F-BC18-D81ACA3F2D2F}.Debug|Win32.ActiveCfg = Debug|Win32
		{0D4121C6-AC84-425F-BC18-D81ACA3F2D2F}.Debug|Win32.Build.0 = Debug|Win32
		{0D4121C6-AC84-425F-BC18-D81ACA3F2D2F}.Release|Win32.ActiveCfg = Release|Win32
		{0D4121C6-AC84-425F-BC18-D81ACA3F2D2F}.Release|Win32.Build.0 = Release|Win32
		{AECADA3E-58E8-4A0F-9644-C13D3C73A059}.Debug|Win32.ActiveCfg = Debug|Win32
		{AECADA3E-58E8-4A0F-9644-C13D3C73A059}.Debug|Win32.Build.0 = Debug|Win32
		{AECADA3E-58E8-4A0F-9644-C13D3C73A059}.Release|Win32.ActiveCfg = Release|Win32
		{AECADA3E-58E8-4A0F-9644-C13D3C73A059}.Release|Win32.Build.0 = Release|Win32
		{424BF822-3B7A-44B5-A242-E7DE671D81AF}.Debug|Win32.ActiveCfg = Debug|Win32
		{424BF822-3B7A-44B5-A242-E7DE671D81AF}.Debug|Win32.Build.0 = Debug|Win32
		{424BF822-3B7A-44B5-A242-E7DE671D81AF}.Release|Win32.ActiveCfg = Release|Win32
		{424BF822-3B7A-44B5-A242-E7DE671D81AF}.Release|Win32.Build.0 = Release|Win32
		{3688E665-5657-4178-89C9-9B84FBDB2A41}.Debug|Win32.ActiveCfg = Debug|Win32
		{3688E665-5657-4178-89C9-9B84FBDB2A41}.Debug|Win32.Build.0 = Debug|Win32
		{3688E665-5657-4178-89C9-9B84FBDB2A41}.Release|Win32.ActiveCfg = Release|Win32
		{3688E665-5657-4178-89C9-9B84FBDB2A41}.Release|Win32.Build.0 = Release|Win32
		{D057D203-AB3F-4C64-8EB4-6B030926BC12}.Debug|Win32.ActiveCfg = Debug|Win32
		{D057D203-AB3F-4C64-8EB4-6B030926BC12}.Debug|Win32.Build.0 = Debug|Win32
		{D057D203-AB3F-4C64-8EB4-6B030926BC12}.Release|Win32.ActiveCfg = Release|Win32
		{D057D203-AB3F-4C64-8EB4-6B030926BC12}.Release|Win32.Build.0 = Release|Win32
		{00D2A69E-1867-4415-B98B-E8466DE83082}.Debug|Win32.ActiveCfg = Debug|Win32
		{00D2A69E-1867-4415-B98B-E8466DE83082}.Debug|Win32.Build.0 = Debug|Win32
		{00D2A69E-1867-4415-B98B-E8466DE83082}.Release|Win32.ActiveCfg = Release|Win32
		{00D2A69E-1867-4415-B98B-E8466DE83082}.Release|Win32.Build.0 = Release|Win32
		{FFD67ECB-0F3A-4958-80AD-CC22C350025F}.Debug|Win32.ActiveCfg = Debug|Win32
		{FFD67ECB-0F3A-4958-80AD-CC22C350025F}.Debug|Win32.Build.0 = Debug|Win32
		{FFD67ECB-0F3A-4958-80AD-CC22C350025F}.Release|Win32.ActiveCfg = Release|Win32
		{FFD67ECB-0F3A-4958-80AD-CC22C350025F}.Release|Win32.Build.0 = Release|Win32
	EndGlobalSection
	GlobalSection(SolutionProperties) = preSolution
		HideSolutionNode = FALSE
	EndGlobalSection
	GlobalSection(NestedProjects) = preSolution
		{B29ABB07-BD7A-43BB-AABF-A29C036D7479} = {4B443B20-9E0C-40CF-8D4A-8050C654DEBB}
		{89FB2200-D16C-45F6-BE4E-93E501BE5CE4} = {4B443B20-9E0C-40CF-8D4A-8050C654DEBB}
		{0CCB2919-15AD-42BD-B839-87145CD73AA2} = {4B443B20-9E0C-40CF-8D4A-8050C654DEBB}
		{C208E49E-A49D-4BA4-BA51-93CB64DA342C} = {4B443B20-9E0C-40CF-8D4A-8050C654DEBB}
		{8673B2B0-497C-4519-9E4C-531E9355F0EE} = {4B443B20-9E0C-40CF-8D4A-8050C654DEBB}
		{E59EA753-F09C-4250-BB74-EF517F597389} = {4B443B20-9E0C-40CF-8D4A-8050C654DEBB}
		{2C10C39C-AA49-4C59-ABAE-AE084E253387} = {4B443B20-9E0C-40CF-8D4A-8050C654DEBB}
		{4FDE9C90-8951-4ED7-9716-E59C29C9D93A} = {4B443B20-9E0C-40CF-8D4A-8050C654DEBB}
		{A6DEFA33-235F-4FC6-9071-3F1902191063} = {4B443B20-9E0C-40CF-8D4A-8050C654DEBB}
		{1FA39388-4C86-445C-BE84-420EBF3379E9} = {4B443B20-9E0C-40CF-8D4A-8050C654DEBB}
		{1188F503-48E7-4699-8828-7884098129F1} = {4B443B20-9E0C-40CF-8D4A-8050C654DEBB}
		{B0778D8D-0253-4768-8A01-E1E1547A07E1} = {4B443B20-9E0C-40CF-8D4A-8050C654DEBB}
		{76FF41A6-ABEF-4029-92B6-EF3029F95827} = {4B443B20-9E0C-40CF-8D4A-8050C654DEBB}
		{62CD735F-A804-4F86-8C48-54F433AE4AD9} = {4B443B20-9E0C-40CF-8D4A-8050C654DEBB}
		{1C1D2730-FA4E-4947-84AB-987C2770AAFC} = {4B443B20-9E0C-40CF-8D4A-8050C654DEBB}
		{7438A7F1-EEE4-4E85-95C4-9365DA627E42} = {4B443B20-9E0C-40CF-8D4A-8050C654DEBB}
		{80F1CECC-6906-4147-AF7C-6629977A215D} = {4B443B20-9E0C-40CF-8D4A-8050C654DEBB}
		{CEF26026-A1F5-4923-9DE4-DBFBFBC809E9} = {4B443B20-9E0C-40CF-8D4A-8050C654DEBB}
		{B8FB58FC-9325-42ED-9B7B-8EB8AC9C2CBA} = {4B443B20-9E0C-40CF-8D4A-8050C654DEBB}
		{7E7D8BD2-B904-48B7-84BA-955D2FC4B82E} = {4B443B20-9E0C-40CF-8D4A-8050C654DEBB}
		{5F3C8796-1FCE-4D99-9AD1-6F2EC60A1F75} = {4B443B20-9E0C-40CF-8D4A-8050C654DEBB}
		{00CC38E5-EB38-4470-AF55-90BFD287D49D} = {4B443B20-9E0C-40CF-8D4A-8050C654DEBB}
		{889D6E9D-F0F0-4CE8-B5E2-06042BA3FBEF} = {4B443B20-9E0C-40CF-8D4A-8050C654DEBB}
		{68F847E8-6B3A-4F73-8EFB-EDE520A57A97} = {4B443B20-9E0C-40CF-8D4A-8050C654DEBB}
		{A52131F7-C4CF-4D02-90B8-E77A9EBE4D57} = {4B443B20-9E0C-40CF-8D4A-8050C654DEBB}
		{23EFC7CB-3968-4913-BDC6-5244F73A1C04} = {4B443B20-9E0C-40CF-8D4A-8050C654DEBB}
		{CD2A5B43-4758-40E9-93F2-2967F470F392} = {4B443B20-9E0C-40CF-8D4A-8050C654DEBB}
		{447DB947-4F94-49E0-9873-A67BF9EBC18B} = {4B443B20-9E0C-40CF-8D4A-8050C654DEBB}
		{27D23160-BAD9-4D62-BC15-2C79857BE296} = {4B443B20-9E0C-40CF-8D4A-8050C654DEBB}
		{2C114A5F-8168-40A0-AE39-6CC4876385D9} = {4B443B20-9E0C-40CF-8D4A-8050C654DEBB}
		{EBEAE4D2-8994-457A-A521-EE9D199797A8} = {4B443B20-9E0C-40CF-8D4A-8050C654DEBB}
		{DD9487BA-0AF5-46E3-B560-4A9A47154A18} = {4B443B20-9E0C-40CF-8D4A-8050C654DEBB}
		{F41302E1-9767-4DE1-A300-9A0AD5DC0403} = {4B443B20-9E0C-40CF-8D4A-8050C654DEBB}
		{CDE3DD91-7CF8-4EC9-A438-E17C0BD45A8E} = {4B443B20-9E0C-40CF-8D4A-8050C654DEBB}
		{00F2DB69-1C49-4CA4-8571-699E370D1400} = {4B443B20-9E0C-40CF-8D4A-8050C654DEBB}
		{F4244C61-9C13-4651-9B3A-C6FCAA676C8F} = {4B443B20-9E0C-40CF-8D4A-8050C654DEBB}
		{D0DF6F57-B1C9-4B7E-A873-6F0A97C744DD} = {4B443B20-9E0C-40CF-8D4A-8050C654DEBB}
		{DEBF4004-E368-4D03-9950-E010669A3C58} = {4B443B20-9E0C-40CF-8D4A-8050C654DEBB}
		{231B558D-4EA1-4FCE-ABA8-CF624074CABA} = {4B443B20-9E0C-40CF-8D4A-8050C654DEBB}
		{0D4121C6-AC84-425F-BC18-D81ACA3F2D2F} = {4B443B20-9E0C-40CF-8D4A-8050C654DEBB}
		{AECADA3E-58E8-4A0F-9644-C13D3C73A059} = {4B443B20-9E0C-40CF-8D4A-8050C654DEBB}
		{424BF822-3B7A-44B5-A242-E7DE671D81AF} = {4B443B20-9E0C-40CF-8D4A-8050C654DEBB}
		{3688E665-5657-4178-89C9-9B84FBDB2A41} = {4B443B20-9E0C-40CF-8D4A-8050C654DEBB}
		{D057D203-AB3F-4C64-8EB4-6B030926BC12} = {4B443B20-9E0C-40CF-8D4A-8050C654DEBB}
		{00D2A69E-1867-4415-B98B-E8466DE83082} = {4B443B20-9E0C-40CF-8D4A-8050C654DEBB}
		{FFD67ECB-0F3A-4958-80AD-CC22C350025F} = {4B443B20-9E0C-40CF-8D4A-8050C654DEBB}
	EndGlobalSection
EndGlobal
