
Microsoft Visual Studio Solution File, Format Version 9.00
# Visual Studio 2005
Project("{FAE04EC0-301F-11D3-BF4B-00C04F79EFBC}") = "ToolLauncher", "ToolLauncher\ToolLauncher.csproj", "{5A0DDD5F-9122-4FD1-83D1-5F9D96178D75}"
EndProject
Global
	GlobalSection(SolutionConfigurationPlatforms) = preSolution
		Debug|x64 = Debug|x64
		Debug|x86 = Debug|x86
		Release|x64 = Release|x64
		Release|x86 = Release|x86
	EndGlobalSection
	GlobalSection(ProjectConfigurationPlatforms) = postSolution
		{5A0DDD5F-9122-4FD1-83D1-5F9D96178D75}.Debug|x64.ActiveCfg = Debug|x64
		{5A0DDD5F-9122-4FD1-83D1-5F9D96178D75}.Debug|x64.Build.0 = Debug|x64
		{5A0DDD5F-9122-4FD1-83D1-5F9D96178D75}.Debug|x86.ActiveCfg = Debug|x86
		{5A0DDD5F-9122-4FD1-83D1-5F9D96178D75}.Debug|x86.Build.0 = Debug|x86
		{5A0DDD5F-9122-4FD1-83D1-5F9D96178D75}.Release|x64.ActiveCfg = Release|x64
		{5A0DDD5F-9122-4FD1-83D1-5F9D96178D75}.Release|x64.Build.0 = Release|x64
		{5A0DDD5F-9122-4FD1-83D1-5F9D96178D75}.Release|x86.ActiveCfg = Release|x86
		{5A0DDD5F-9122-4FD1-83D1-5F9D96178D75}.Release|x86.Build.0 = Release|x86
	EndGlobalSection
	GlobalSection(SolutionProperties) = preSolution
		HideSolutionNode = FALSE
	EndGlobalSection
EndGlobal
