
Microsoft Visual Studio Solution File, Format Version 9.00
# Visual Studio 2005
Project("{54435603-DBB4-11D2-8724-00A0C9A8B90C}") = "E-Cell_IDE_Installer", "E-Cell_IDE_Installer\E-Cell_IDE_Installer.vdproj", "{569A21EF-1AC9-4F98-9406-2FC208C73696}"
EndProject
Project("{FAE04EC0-301F-11D3-BF4B-00C04F79EFBC}") = "InstallSupport", "InstallSupport\InstallSupport.csproj", "{1BC81178-FF56-4531-8BF1-1F8C1C79D5A5}"
EndProject
Global
	GlobalSection(SourceCodeControl) = preSolution
		SccNumberOfProjects = 3
		SccProjectName0 = \u0022$/E-Cell_IDE_Installer.root/E-Cell_IDE_Installer\u0022,\u0020CQGAAAAA
		SccLocalPath0 = ..\\..
		SccProvider0 = MSSCCI:Microsoft\u0020Visual\u0020SourceSafe
		SccProjectFilePathRelativizedFromConnection0 = src\\E-Cell_IDE_Installer\\
		SccProjectUniqueName1 = E-Cell_IDE_Installer\\E-Cell_IDE_Installer.vdproj
		SccLocalPath1 = ..\\..
		SccProjectFilePathRelativizedFromConnection1 = src\\E-Cell_IDE_Installer\\E-Cell_IDE_Installer\\
		SccProjectUniqueName2 = InstallSupport\\InstallSupport.csproj
		SccLocalPath2 = ..\\..
		SccProjectFilePathRelativizedFromConnection2 = src\\E-Cell_IDE_Installer\\InstallSupport\\
	EndGlobalSection
	GlobalSection(SolutionConfigurationPlatforms) = preSolution
		Debug|Any CPU = Debug|Any CPU
		Release|Any CPU = Release|Any CPU
	EndGlobalSection
	GlobalSection(ProjectConfigurationPlatforms) = postSolution
		{569A21EF-1AC9-4F98-9406-2FC208C73696}.Debug|Any CPU.ActiveCfg = Debug
		{569A21EF-1AC9-4F98-9406-2FC208C73696}.Debug|Any CPU.Build.0 = Debug
		{569A21EF-1AC9-4F98-9406-2FC208C73696}.Release|Any CPU.ActiveCfg = Release
		{569A21EF-1AC9-4F98-9406-2FC208C73696}.Release|Any CPU.Build.0 = Release
		{1BC81178-FF56-4531-8BF1-1F8C1C79D5A5}.Debug|Any CPU.ActiveCfg = Debug|Any CPU
		{1BC81178-FF56-4531-8BF1-1F8C1C79D5A5}.Debug|Any CPU.Build.0 = Debug|Any CPU
		{1BC81178-FF56-4531-8BF1-1F8C1C79D5A5}.Release|Any CPU.ActiveCfg = Release|Any CPU
		{1BC81178-FF56-4531-8BF1-1F8C1C79D5A5}.Release|Any CPU.Build.0 = Release|Any CPU
	EndGlobalSection
	GlobalSection(SolutionProperties) = preSolution
		HideSolutionNode = FALSE
	EndGlobalSection
EndGlobal
