
Microsoft Visual Studio Solution File, Format Version 9.00
# Visual Studio 2005
Project("{FAE04EC0-301F-11D3-BF4B-00C04F79EFBC}") = "Installer", "Installer.csproj", "{09B09DC1-3D77-4D58-BDAF-FF451E3D511D}"
	ProjectSection(ProjectDependencies) = postProject
		{F288DF07-54B7-4CA2-BA60-3E16191075ED} = {F288DF07-54B7-4CA2-BA60-3E16191075ED}
		{C0C8668E-44E5-4294-B4AF-E85693ADED70} = {C0C8668E-44E5-4294-B4AF-E85693ADED70}
		{6314CBE5-E07A-4434-9D27-B9DEE39B6FCA} = {6314CBE5-E07A-4434-9D27-B9DEE39B6FCA}
		{0F9A29C2-13A4-442A-BB71-F9AA87164034} = {0F9A29C2-13A4-442A-BB71-F9AA87164034}
		{0BB0F42D-E0E5-4F94-A05F-352C728C2E54} = {0BB0F42D-E0E5-4F94-A05F-352C728C2E54}
		{52DA3D25-086F-4A33-A4D9-AC6DBDE55444} = {52DA3D25-086F-4A33-A4D9-AC6DBDE55444}
		{92B58D1F-E936-4A8D-8513-2FE1EB2F4F44} = {92B58D1F-E936-4A8D-8513-2FE1EB2F4F44}
		{F7F6380B-DFB7-4D0C-9A0A-73B54C8138B4} = {F7F6380B-DFB7-4D0C-9A0A-73B54C8138B4}
	EndProjectSection
EndProject
Project("{2150E333-8FDC-42A3-9474-1A3956D46DE8}") = "Samples", "Samples", "{7B44028D-FACE-4154-AC46-175B1CAEEA79}"
EndProject
Project("{2150E333-8FDC-42A3-9474-1A3956D46DE8}") = "LTD", "LTD", "{284404F9-0429-4659-B675-ECE217E358A0}"
EndProject
Project("{2150E333-8FDC-42A3-9474-1A3956D46DE8}") = "CoupledOscillator", "CoupledOscillator", "{A4C959F0-EBC0-4A49-9149-15E1FCB4C41C}"
EndProject
Project("{8BC9CEB8-8B4A-11D0-8D11-00A0C91BC942}") = "FOProcess", "samples\CoupledOscillator\DMs\FOProcess.vcproj", "{52DA3D25-086F-4A33-A4D9-AC6DBDE55444}"
EndProject
Project("{8BC9CEB8-8B4A-11D0-8D11-00A0C91BC942}") = "MakesignalProcess", "samples\LTD\DMs\MakesignalProcess.vcproj", "{F7F6380B-DFB7-4D0C-9A0A-73B54C8138B4}"
EndProject
Project("{2150E333-8FDC-42A3-9474-1A3956D46DE8}") = "Pendulum", "Pendulum", "{56EB6DA7-E48A-4CE5-8D72-3E0F41F4B0E1}"
EndProject
Project("{8BC9CEB8-8B4A-11D0-8D11-00A0C91BC942}") = "Algebraic1Process", "samples\Pendulum\DMs\Algebraic1Process.vcproj", "{0BB0F42D-E0E5-4F94-A05F-352C728C2E54}"
EndProject
Project("{8BC9CEB8-8B4A-11D0-8D11-00A0C91BC942}") = "Algebraic2Process", "samples\Pendulum\DMs\Algebraic2Process.vcproj", "{F288DF07-54B7-4CA2-BA60-3E16191075ED}"
EndProject
Project("{8BC9CEB8-8B4A-11D0-8D11-00A0C91BC942}") = "Algebraic3Process", "samples\Pendulum\DMs\Algebraic3Process.vcproj", "{6314CBE5-E07A-4434-9D27-B9DEE39B6FCA}"
EndProject
Project("{8BC9CEB8-8B4A-11D0-8D11-00A0C91BC942}") = "Differential1Process", "samples\Pendulum\DMs\Differential1Process.vcproj", "{0F9A29C2-13A4-442A-BB71-F9AA87164034}"
EndProject
Project("{8BC9CEB8-8B4A-11D0-8D11-00A0C91BC942}") = "Differential2Process", "samples\Pendulum\DMs\Differential2Process.vcproj", "{92B58D1F-E936-4A8D-8513-2FE1EB2F4F44}"
EndProject
Project("{8BC9CEB8-8B4A-11D0-8D11-00A0C91BC942}") = "MassCalculationProcess", "MassCalculationProcess\MassCalculationProcess.vcproj", "{C0C8668E-44E5-4294-B4AF-E85693ADED70}"
EndProject
Global
	GlobalSection(SolutionConfigurationPlatforms) = preSolution
		Debug|Any CPU = Debug|Any CPU
		Debug|Mixed Platforms = Debug|Mixed Platforms
		Debug|Win32 = Debug|Win32
		Release|Any CPU = Release|Any CPU
		Release|Mixed Platforms = Release|Mixed Platforms
		Release|Win32 = Release|Win32
	EndGlobalSection
	GlobalSection(ProjectConfigurationPlatforms) = postSolution
		{09B09DC1-3D77-4D58-BDAF-FF451E3D511D}.Debug|Any CPU.ActiveCfg = Debug|Any CPU
		{09B09DC1-3D77-4D58-BDAF-FF451E3D511D}.Debug|Any CPU.Build.0 = Debug|Any CPU
		{09B09DC1-3D77-4D58-BDAF-FF451E3D511D}.Debug|Mixed Platforms.ActiveCfg = Debug|Any CPU
		{09B09DC1-3D77-4D58-BDAF-FF451E3D511D}.Debug|Mixed Platforms.Build.0 = Debug|Any CPU
		{09B09DC1-3D77-4D58-BDAF-FF451E3D511D}.Debug|Win32.ActiveCfg = Debug|Any CPU
		{09B09DC1-3D77-4D58-BDAF-FF451E3D511D}.Release|Any CPU.ActiveCfg = Release|Any CPU
		{09B09DC1-3D77-4D58-BDAF-FF451E3D511D}.Release|Any CPU.Build.0 = Release|Any CPU
		{09B09DC1-3D77-4D58-BDAF-FF451E3D511D}.Release|Mixed Platforms.ActiveCfg = Release|Any CPU
		{09B09DC1-3D77-4D58-BDAF-FF451E3D511D}.Release|Mixed Platforms.Build.0 = Release|Any CPU
		{09B09DC1-3D77-4D58-BDAF-FF451E3D511D}.Release|Win32.ActiveCfg = Release|Any CPU
		{09B09DC1-3D77-4D58-BDAF-FF451E3D511D}.Release|Win32.Build.0 = Release|Any CPU
		{52DA3D25-086F-4A33-A4D9-AC6DBDE55444}.Debug|Any CPU.ActiveCfg = Default|Win32
		{52DA3D25-086F-4A33-A4D9-AC6DBDE55444}.Debug|Mixed Platforms.ActiveCfg = Default|Win32
		{52DA3D25-086F-4A33-A4D9-AC6DBDE55444}.Debug|Mixed Platforms.Build.0 = Default|Win32
		{52DA3D25-086F-4A33-A4D9-AC6DBDE55444}.Debug|Win32.ActiveCfg = Default|Win32
		{52DA3D25-086F-4A33-A4D9-AC6DBDE55444}.Debug|Win32.Build.0 = Default|Win32
		{52DA3D25-086F-4A33-A4D9-AC6DBDE55444}.Release|Any CPU.ActiveCfg = Release|Win32
		{52DA3D25-086F-4A33-A4D9-AC6DBDE55444}.Release|Any CPU.Build.0 = Release|Win32
		{52DA3D25-086F-4A33-A4D9-AC6DBDE55444}.Release|Mixed Platforms.ActiveCfg = Release|Win32
		{52DA3D25-086F-4A33-A4D9-AC6DBDE55444}.Release|Mixed Platforms.Build.0 = Release|Win32
		{52DA3D25-086F-4A33-A4D9-AC6DBDE55444}.Release|Win32.ActiveCfg = Release|Win32
		{52DA3D25-086F-4A33-A4D9-AC6DBDE55444}.Release|Win32.Build.0 = Release|Win32
		{F7F6380B-DFB7-4D0C-9A0A-73B54C8138B4}.Debug|Any CPU.ActiveCfg = Default|Win32
		{F7F6380B-DFB7-4D0C-9A0A-73B54C8138B4}.Debug|Mixed Platforms.ActiveCfg = Default|Win32
		{F7F6380B-DFB7-4D0C-9A0A-73B54C8138B4}.Debug|Mixed Platforms.Build.0 = Default|Win32
		{F7F6380B-DFB7-4D0C-9A0A-73B54C8138B4}.Debug|Win32.ActiveCfg = Default|Win32
		{F7F6380B-DFB7-4D0C-9A0A-73B54C8138B4}.Debug|Win32.Build.0 = Default|Win32
		{F7F6380B-DFB7-4D0C-9A0A-73B54C8138B4}.Release|Any CPU.ActiveCfg = Release|Win32
		{F7F6380B-DFB7-4D0C-9A0A-73B54C8138B4}.Release|Any CPU.Build.0 = Release|Win32
		{F7F6380B-DFB7-4D0C-9A0A-73B54C8138B4}.Release|Mixed Platforms.ActiveCfg = Release|Win32
		{F7F6380B-DFB7-4D0C-9A0A-73B54C8138B4}.Release|Mixed Platforms.Build.0 = Release|Win32
		{F7F6380B-DFB7-4D0C-9A0A-73B54C8138B4}.Release|Win32.ActiveCfg = Release|Win32
		{F7F6380B-DFB7-4D0C-9A0A-73B54C8138B4}.Release|Win32.Build.0 = Release|Win32
		{0BB0F42D-E0E5-4F94-A05F-352C728C2E54}.Debug|Any CPU.ActiveCfg = Default|Win32
		{0BB0F42D-E0E5-4F94-A05F-352C728C2E54}.Debug|Mixed Platforms.ActiveCfg = Default|Win32
		{0BB0F42D-E0E5-4F94-A05F-352C728C2E54}.Debug|Mixed Platforms.Build.0 = Default|Win32
		{0BB0F42D-E0E5-4F94-A05F-352C728C2E54}.Debug|Win32.ActiveCfg = Default|Win32
		{0BB0F42D-E0E5-4F94-A05F-352C728C2E54}.Debug|Win32.Build.0 = Default|Win32
		{0BB0F42D-E0E5-4F94-A05F-352C728C2E54}.Release|Any CPU.ActiveCfg = Release|Win32
		{0BB0F42D-E0E5-4F94-A05F-352C728C2E54}.Release|Any CPU.Build.0 = Release|Win32
		{0BB0F42D-E0E5-4F94-A05F-352C728C2E54}.Release|Mixed Platforms.ActiveCfg = Release|Win32
		{0BB0F42D-E0E5-4F94-A05F-352C728C2E54}.Release|Mixed Platforms.Build.0 = Release|Win32
		{0BB0F42D-E0E5-4F94-A05F-352C728C2E54}.Release|Win32.ActiveCfg = Release|Win32
		{0BB0F42D-E0E5-4F94-A05F-352C728C2E54}.Release|Win32.Build.0 = Release|Win32
		{F288DF07-54B7-4CA2-BA60-3E16191075ED}.Debug|Any CPU.ActiveCfg = Default|Win32
		{F288DF07-54B7-4CA2-BA60-3E16191075ED}.Debug|Mixed Platforms.ActiveCfg = Default|Win32
		{F288DF07-54B7-4CA2-BA60-3E16191075ED}.Debug|Mixed Platforms.Build.0 = Default|Win32
		{F288DF07-54B7-4CA2-BA60-3E16191075ED}.Debug|Win32.ActiveCfg = Default|Win32
		{F288DF07-54B7-4CA2-BA60-3E16191075ED}.Debug|Win32.Build.0 = Default|Win32
		{F288DF07-54B7-4CA2-BA60-3E16191075ED}.Release|Any CPU.ActiveCfg = Release|Win32
		{F288DF07-54B7-4CA2-BA60-3E16191075ED}.Release|Any CPU.Build.0 = Release|Win32
		{F288DF07-54B7-4CA2-BA60-3E16191075ED}.Release|Mixed Platforms.ActiveCfg = Release|Win32
		{F288DF07-54B7-4CA2-BA60-3E16191075ED}.Release|Mixed Platforms.Build.0 = Release|Win32
		{F288DF07-54B7-4CA2-BA60-3E16191075ED}.Release|Win32.ActiveCfg = Release|Win32
		{F288DF07-54B7-4CA2-BA60-3E16191075ED}.Release|Win32.Build.0 = Release|Win32
		{6314CBE5-E07A-4434-9D27-B9DEE39B6FCA}.Debug|Any CPU.ActiveCfg = Default|Win32
		{6314CBE5-E07A-4434-9D27-B9DEE39B6FCA}.Debug|Mixed Platforms.ActiveCfg = Default|Win32
		{6314CBE5-E07A-4434-9D27-B9DEE39B6FCA}.Debug|Mixed Platforms.Build.0 = Default|Win32
		{6314CBE5-E07A-4434-9D27-B9DEE39B6FCA}.Debug|Win32.ActiveCfg = Default|Win32
		{6314CBE5-E07A-4434-9D27-B9DEE39B6FCA}.Debug|Win32.Build.0 = Default|Win32
		{6314CBE5-E07A-4434-9D27-B9DEE39B6FCA}.Release|Any CPU.ActiveCfg = Release|Win32
		{6314CBE5-E07A-4434-9D27-B9DEE39B6FCA}.Release|Any CPU.Build.0 = Release|Win32
		{6314CBE5-E07A-4434-9D27-B9DEE39B6FCA}.Release|Mixed Platforms.ActiveCfg = Release|Win32
		{6314CBE5-E07A-4434-9D27-B9DEE39B6FCA}.Release|Mixed Platforms.Build.0 = Release|Win32
		{6314CBE5-E07A-4434-9D27-B9DEE39B6FCA}.Release|Win32.ActiveCfg = Release|Win32
		{6314CBE5-E07A-4434-9D27-B9DEE39B6FCA}.Release|Win32.Build.0 = Release|Win32
		{0F9A29C2-13A4-442A-BB71-F9AA87164034}.Debug|Any CPU.ActiveCfg = Default|Win32
		{0F9A29C2-13A4-442A-BB71-F9AA87164034}.Debug|Mixed Platforms.ActiveCfg = Default|Win32
		{0F9A29C2-13A4-442A-BB71-F9AA87164034}.Debug|Mixed Platforms.Build.0 = Default|Win32
		{0F9A29C2-13A4-442A-BB71-F9AA87164034}.Debug|Win32.ActiveCfg = Default|Win32
		{0F9A29C2-13A4-442A-BB71-F9AA87164034}.Debug|Win32.Build.0 = Default|Win32
		{0F9A29C2-13A4-442A-BB71-F9AA87164034}.Release|Any CPU.ActiveCfg = Release|Win32
		{0F9A29C2-13A4-442A-BB71-F9AA87164034}.Release|Any CPU.Build.0 = Release|Win32
		{0F9A29C2-13A4-442A-BB71-F9AA87164034}.Release|Mixed Platforms.ActiveCfg = Release|Win32
		{0F9A29C2-13A4-442A-BB71-F9AA87164034}.Release|Mixed Platforms.Build.0 = Release|Win32
		{0F9A29C2-13A4-442A-BB71-F9AA87164034}.Release|Win32.ActiveCfg = Release|Win32
		{0F9A29C2-13A4-442A-BB71-F9AA87164034}.Release|Win32.Build.0 = Release|Win32
		{92B58D1F-E936-4A8D-8513-2FE1EB2F4F44}.Debug|Any CPU.ActiveCfg = Default|Win32
		{92B58D1F-E936-4A8D-8513-2FE1EB2F4F44}.Debug|Mixed Platforms.ActiveCfg = Default|Win32
		{92B58D1F-E936-4A8D-8513-2FE1EB2F4F44}.Debug|Mixed Platforms.Build.0 = Default|Win32
		{92B58D1F-E936-4A8D-8513-2FE1EB2F4F44}.Debug|Win32.ActiveCfg = Default|Win32
		{92B58D1F-E936-4A8D-8513-2FE1EB2F4F44}.Debug|Win32.Build.0 = Default|Win32
		{92B58D1F-E936-4A8D-8513-2FE1EB2F4F44}.Release|Any CPU.ActiveCfg = Release|Win32
		{92B58D1F-E936-4A8D-8513-2FE1EB2F4F44}.Release|Any CPU.Build.0 = Release|Win32
		{92B58D1F-E936-4A8D-8513-2FE1EB2F4F44}.Release|Mixed Platforms.ActiveCfg = Release|Win32
		{92B58D1F-E936-4A8D-8513-2FE1EB2F4F44}.Release|Mixed Platforms.Build.0 = Release|Win32
		{92B58D1F-E936-4A8D-8513-2FE1EB2F4F44}.Release|Win32.ActiveCfg = Release|Win32
		{92B58D1F-E936-4A8D-8513-2FE1EB2F4F44}.Release|Win32.Build.0 = Release|Win32
		{C0C8668E-44E5-4294-B4AF-E85693ADED70}.Debug|Any CPU.ActiveCfg = Debug|Win32
		{C0C8668E-44E5-4294-B4AF-E85693ADED70}.Debug|Mixed Platforms.ActiveCfg = Debug|Win32
		{C0C8668E-44E5-4294-B4AF-E85693ADED70}.Debug|Mixed Platforms.Build.0 = Debug|Win32
		{C0C8668E-44E5-4294-B4AF-E85693ADED70}.Debug|Win32.ActiveCfg = Debug|Win32
		{C0C8668E-44E5-4294-B4AF-E85693ADED70}.Debug|Win32.Build.0 = Debug|Win32
		{C0C8668E-44E5-4294-B4AF-E85693ADED70}.Release|Any CPU.ActiveCfg = Release|Win32
		{C0C8668E-44E5-4294-B4AF-E85693ADED70}.Release|Any CPU.Build.0 = Release|Win32
		{C0C8668E-44E5-4294-B4AF-E85693ADED70}.Release|Mixed Platforms.ActiveCfg = Release|Win32
		{C0C8668E-44E5-4294-B4AF-E85693ADED70}.Release|Mixed Platforms.Build.0 = Release|Win32
		{C0C8668E-44E5-4294-B4AF-E85693ADED70}.Release|Win32.ActiveCfg = Release|Win32
		{C0C8668E-44E5-4294-B4AF-E85693ADED70}.Release|Win32.Build.0 = Release|Win32
	EndGlobalSection
	GlobalSection(SolutionProperties) = preSolution
		HideSolutionNode = FALSE
	EndGlobalSection
	GlobalSection(NestedProjects) = preSolution
		{284404F9-0429-4659-B675-ECE217E358A0} = {7B44028D-FACE-4154-AC46-175B1CAEEA79}
		{A4C959F0-EBC0-4A49-9149-15E1FCB4C41C} = {7B44028D-FACE-4154-AC46-175B1CAEEA79}
		{56EB6DA7-E48A-4CE5-8D72-3E0F41F4B0E1} = {7B44028D-FACE-4154-AC46-175B1CAEEA79}
		{C0C8668E-44E5-4294-B4AF-E85693ADED70} = {7B44028D-FACE-4154-AC46-175B1CAEEA79}
		{F7F6380B-DFB7-4D0C-9A0A-73B54C8138B4} = {284404F9-0429-4659-B675-ECE217E358A0}
		{52DA3D25-086F-4A33-A4D9-AC6DBDE55444} = {A4C959F0-EBC0-4A49-9149-15E1FCB4C41C}
		{0BB0F42D-E0E5-4F94-A05F-352C728C2E54} = {56EB6DA7-E48A-4CE5-8D72-3E0F41F4B0E1}
		{F288DF07-54B7-4CA2-BA60-3E16191075ED} = {56EB6DA7-E48A-4CE5-8D72-3E0F41F4B0E1}
		{6314CBE5-E07A-4434-9D27-B9DEE39B6FCA} = {56EB6DA7-E48A-4CE5-8D72-3E0F41F4B0E1}
		{0F9A29C2-13A4-442A-BB71-F9AA87164034} = {56EB6DA7-E48A-4CE5-8D72-3E0F41F4B0E1}
		{92B58D1F-E936-4A8D-8513-2FE1EB2F4F44} = {56EB6DA7-E48A-4CE5-8D72-3E0F41F4B0E1}
	EndGlobalSection
EndGlobal
